
Microsoft Visual Studio Solution File, Format Version 12.00
# Visual Studio Version 16
VisualStudioVersion = 16.0.30225.117
MinimumVisualStudioVersion = 10.0.40219.1
Project("{FAE04EC0-301F-11D3-BF4B-00C04F79EFBC}") = "I2MS2", "I2MS2\I2MS2.csproj", "{A7F40DED-354D-41AE-96F5-9A600BCF403A}"
EndProject
Project("{FAE04EC0-301F-11D3-BF4B-00C04F79EFBC}") = "WebApiClient", "..\WebApi\WebApiClient\WebApiClient.csproj", "{BDB8D27D-24C3-439C-B824-A0948CCF5764}"
EndProject
Project("{FAE04EC0-301F-11D3-BF4B-00C04F79EFBC}") = "WebApi", "..\WebApi\WebApi\WebApi.csproj", "{1E488BB2-B9E8-4A23-BB5B-1D2F7FF770AA}"
EndProject
Project("{FAE04EC0-301F-11D3-BF4B-00C04F79EFBC}") = "MetroChart", "MetroChart\MetroChart.csproj", "{4AB4B0DB-780C-48B9-A642-8E527353D957}"
EndProject
Project("{2150E333-8FDC-42A3-9474-1A3956D46DE8}") = ".nuget", ".nuget", "{D40A8BE0-AEFF-48AB-ADB0-EA0B120DFD65}"
	ProjectSection(SolutionItems) = preProject
		.nuget\NuGet.Config = .nuget\NuGet.Config
		.nuget\NuGet.exe = .nuget\NuGet.exe
		.nuget\NuGet.targets = .nuget\NuGet.targets
	EndProjectSection
EndProject
Project("{FAE04EC0-301F-11D3-BF4B-00C04F79EFBC}") = "NmsSimulator", "NmsSimulator\NmsSimulator.csproj", "{AD69C849-57FA-49EA-8BA0-13B3741FF7E6}"
EndProject
Project("{FAE04EC0-301F-11D3-BF4B-00C04F79EFBC}") = "ConfigS", "ConfigS\ConfigS.csproj", "{0F158668-E2D8-4A90-B156-AFA7EC313837}"
EndProject
Project("{FAE04EC0-301F-11D3-BF4B-00C04F79EFBC}") = "I2MSR", "I2MSR\I2MSR.csproj", "{B34C9239-2DCA-49AC-9375-77DC8248C705}"
EndProject
Project("{FAE04EC0-301F-11D3-BF4B-00C04F79EFBC}") = "I2MS21", "I2MS21\I2MS21.csproj", "{46371712-DEBF-42E2-95F1-2E507371F924}"
EndProject
Project("{FAE04EC0-301F-11D3-BF4B-00C04F79EFBC}") = "WebApi21", "..\WebApi\WebApi21\WebApi21.csproj", "{82A67D3A-F543-4F4C-8E3C-FD78C310F610}"
EndProject
Project("{FAE04EC0-301F-11D3-BF4B-00C04F79EFBC}") = "MetroDemo.NET45", "MetroDemo\MetroDemo.NET45.csproj", "{67174E59-0A40-4E8F-A82B-02FD317DD801}"
EndProject
Project("{FAE04EC0-301F-11D3-BF4B-00C04F79EFBC}") = "MahApps.Metro.NET45", "MahApps.Metro\MahApps.Metro.NET45.csproj", "{942D11C4-29F5-46C4-8C14-4B976D56C637}"
EndProject
Project("{FAE04EC0-301F-11D3-BF4B-00C04F79EFBC}") = "MahApps.Metro.Resources", "MahApps.Metro.Resources\MahApps.Metro.Resources.csproj", "{E708AC99-605B-42A0-8D20-ABCA8FE42DD2}"
EndProject
Project("{FAE04EC0-301F-11D3-BF4B-00C04F79EFBC}") = "PieMenuExample", "PieMenuExample\PieMenuExample.csproj", "{A6C2AA04-1325-4A69-99A1-698387B27D61}"
EndProject
Project("{2150E333-8FDC-42A3-9474-1A3956D46DE8}") = "Sample", "Sample", "{4DEC8251-8B7E-4C6F-A50E-8BAC188C0332}"
EndProject
Project("{00D1A9C2-B5F0-4AF3-8072-F6C62B433612}") = "SimpleWinDB", "Database1\SimpleWinDB.sqlproj", "{2D63E3A2-6D4C-474A-8D10-3FA4DD1D5B01}"
EndProject
Project("{2150E333-8FDC-42A3-9474-1A3956D46DE8}") = "Manager", "Manager", "{B68BB300-78BF-4121-969D-C65B030B6267}"
EndProject
Project("{FAE04EC0-301F-11D3-BF4B-00C04F79EFBC}") = "BlogSample", "..\BlogSample\BlogSample.csproj", "{1CCFC514-C7E0-4B16-8061-1E17E32E07A9}"
EndProject
Project("{FAE04EC0-301F-11D3-BF4B-00C04F79EFBC}") = "SHA2", "..\SHA\SHA2\SHA2.csproj", "{87D7A41A-9E64-4EF9-B04A-519A48D375AC}"
EndProject
Project("{FAE04EC0-301F-11D3-BF4B-00C04F79EFBC}") = "IEMS", "I2MS2RS\IEMS.csproj", "{EBE666D3-7E86-4790-AFCC-A9E447BBB474}"
EndProject
Project("{FAE04EC0-301F-11D3-BF4B-00C04F79EFBC}") = "I2MS2L", "I2MS2L\I2MS2L.csproj", "{1C9C9FB2-B417-4A83-B4E5-C8AC60604BDB}"
EndProject
Project("{FAE04EC0-301F-11D3-BF4B-00C04F79EFBC}") = "WebApi2L", "..\WebApi2L\WebApi\WebApi2L.csproj", "{BDB8B65F-EDD2-4635-8215-83941A122046}"
EndProject
Project("{FAE04EC0-301F-11D3-BF4B-00C04F79EFBC}") = "WebApiClient", "..\WebApi2L\WebApiClient\WebApiClient.csproj", "{21A650E1-25B5-47EA-BB0B-DFEB8F2458A6}"
EndProject
Project("{840C416C-B8F3-42BC-B0DD-F6BB14C9F8CB}") = "SimpleWin_Server", "Install\SimpleWin_Server\SimpleWin_Server.aiproj", "{AB1F1C93-E70F-465B-BC68-549DC52C1514}"
EndProject
Project("{840C416C-B8F3-42BC-B0DD-F6BB14C9F8CB}") = "SimpleWin_Client", "Install\SimpleWin_Client\SimpleWin_Client.aiproj", "{4BA66DE0-E0CD-42C5-AEB6-94E3EACBE890}"
EndProject
Global
	GlobalSection(SolutionConfigurationPlatforms) = preSolution
		CD_ROM|Any CPU = CD_ROM|Any CPU
		CD_ROM|Mixed Platforms = CD_ROM|Mixed Platforms
		CD_ROM|x86 = CD_ROM|x86
		Debug|Any CPU = Debug|Any CPU
		Debug|Mixed Platforms = Debug|Mixed Platforms
		Debug|x86 = Debug|x86
		DefaultBuild|Any CPU = DefaultBuild|Any CPU
		DefaultBuild|Mixed Platforms = DefaultBuild|Mixed Platforms
		DefaultBuild|x86 = DefaultBuild|x86
		DVD-5|Any CPU = DVD-5|Any CPU
		DVD-5|Mixed Platforms = DVD-5|Mixed Platforms
		DVD-5|x86 = DVD-5|x86
		Release|Any CPU = Release|Any CPU
		Release|Mixed Platforms = Release|Mixed Platforms
		Release|x86 = Release|x86
		SingleImage|Any CPU = SingleImage|Any CPU
		SingleImage|Mixed Platforms = SingleImage|Mixed Platforms
		SingleImage|x86 = SingleImage|x86
	EndGlobalSection
	GlobalSection(ProjectConfigurationPlatforms) = postSolution
		{A7F40DED-354D-41AE-96F5-9A600BCF403A}.CD_ROM|Any CPU.ActiveCfg = Release|Any CPU
		{A7F40DED-354D-41AE-96F5-9A600BCF403A}.CD_ROM|Any CPU.Build.0 = Release|Any CPU
		{A7F40DED-354D-41AE-96F5-9A600BCF403A}.CD_ROM|Mixed Platforms.ActiveCfg = Debug|Any CPU
		{A7F40DED-354D-41AE-96F5-9A600BCF403A}.CD_ROM|Mixed Platforms.Build.0 = Debug|Any CPU
		{A7F40DED-354D-41AE-96F5-9A600BCF403A}.CD_ROM|x86.ActiveCfg = Debug|Any CPU
		{A7F40DED-354D-41AE-96F5-9A600BCF403A}.Debug|Any CPU.ActiveCfg = Debug|Any CPU
		{A7F40DED-354D-41AE-96F5-9A600BCF403A}.Debug|Any CPU.Build.0 = Debug|Any CPU
		{A7F40DED-354D-41AE-96F5-9A600BCF403A}.Debug|Mixed Platforms.ActiveCfg = Debug|Any CPU
		{A7F40DED-354D-41AE-96F5-9A600BCF403A}.Debug|Mixed Platforms.Build.0 = Debug|Any CPU
		{A7F40DED-354D-41AE-96F5-9A600BCF403A}.Debug|x86.ActiveCfg = Debug|Any CPU
		{A7F40DED-354D-41AE-96F5-9A600BCF403A}.DefaultBuild|Any CPU.ActiveCfg = Debug|Any CPU
		{A7F40DED-354D-41AE-96F5-9A600BCF403A}.DefaultBuild|Any CPU.Build.0 = Debug|Any CPU
		{A7F40DED-354D-41AE-96F5-9A600BCF403A}.DefaultBuild|Mixed Platforms.ActiveCfg = Debug|Any CPU
		{A7F40DED-354D-41AE-96F5-9A600BCF403A}.DefaultBuild|Mixed Platforms.Build.0 = Debug|Any CPU
		{A7F40DED-354D-41AE-96F5-9A600BCF403A}.DefaultBuild|x86.ActiveCfg = Debug|Any CPU
		{A7F40DED-354D-41AE-96F5-9A600BCF403A}.DefaultBuild|x86.Build.0 = Debug|Any CPU
		{A7F40DED-354D-41AE-96F5-9A600BCF403A}.DVD-5|Any CPU.ActiveCfg = Debug|Any CPU
		{A7F40DED-354D-41AE-96F5-9A600BCF403A}.DVD-5|Any CPU.Build.0 = Debug|Any CPU
		{A7F40DED-354D-41AE-96F5-9A600BCF403A}.DVD-5|Mixed Platforms.ActiveCfg = Debug|Any CPU
		{A7F40DED-354D-41AE-96F5-9A600BCF403A}.DVD-5|Mixed Platforms.Build.0 = Debug|Any CPU
		{A7F40DED-354D-41AE-96F5-9A600BCF403A}.DVD-5|x86.ActiveCfg = Debug|Any CPU
		{A7F40DED-354D-41AE-96F5-9A600BCF403A}.Release|Any CPU.ActiveCfg = Release|Any CPU
		{A7F40DED-354D-41AE-96F5-9A600BCF403A}.Release|Any CPU.Build.0 = Release|Any CPU
		{A7F40DED-354D-41AE-96F5-9A600BCF403A}.Release|Mixed Platforms.ActiveCfg = Release|Any CPU
		{A7F40DED-354D-41AE-96F5-9A600BCF403A}.Release|Mixed Platforms.Build.0 = Release|Any CPU
		{A7F40DED-354D-41AE-96F5-9A600BCF403A}.Release|x86.ActiveCfg = Release|Any CPU
		{A7F40DED-354D-41AE-96F5-9A600BCF403A}.SingleImage|Any CPU.ActiveCfg = Release|Any CPU
		{A7F40DED-354D-41AE-96F5-9A600BCF403A}.SingleImage|Any CPU.Build.0 = Release|Any CPU
		{A7F40DED-354D-41AE-96F5-9A600BCF403A}.SingleImage|Mixed Platforms.ActiveCfg = Debug|Any CPU
		{A7F40DED-354D-41AE-96F5-9A600BCF403A}.SingleImage|Mixed Platforms.Build.0 = Debug|Any CPU
		{A7F40DED-354D-41AE-96F5-9A600BCF403A}.SingleImage|x86.ActiveCfg = Debug|Any CPU
		{BDB8D27D-24C3-439C-B824-A0948CCF5764}.CD_ROM|Any CPU.ActiveCfg = Release|Any CPU
		{BDB8D27D-24C3-439C-B824-A0948CCF5764}.CD_ROM|Any CPU.Build.0 = Release|Any CPU
		{BDB8D27D-24C3-439C-B824-A0948CCF5764}.CD_ROM|Mixed Platforms.ActiveCfg = Debug|Any CPU
		{BDB8D27D-24C3-439C-B824-A0948CCF5764}.CD_ROM|Mixed Platforms.Build.0 = Debug|Any CPU
		{BDB8D27D-24C3-439C-B824-A0948CCF5764}.CD_ROM|x86.ActiveCfg = Debug|Any CPU
		{BDB8D27D-24C3-439C-B824-A0948CCF5764}.Debug|Any CPU.ActiveCfg = Debug|Any CPU
		{BDB8D27D-24C3-439C-B824-A0948CCF5764}.Debug|Any CPU.Build.0 = Debug|Any CPU
		{BDB8D27D-24C3-439C-B824-A0948CCF5764}.Debug|Mixed Platforms.ActiveCfg = Debug|Any CPU
		{BDB8D27D-24C3-439C-B824-A0948CCF5764}.Debug|Mixed Platforms.Build.0 = Debug|Any CPU
		{BDB8D27D-24C3-439C-B824-A0948CCF5764}.Debug|x86.ActiveCfg = Debug|Any CPU
		{BDB8D27D-24C3-439C-B824-A0948CCF5764}.DefaultBuild|Any CPU.ActiveCfg = Debug|Any CPU
		{BDB8D27D-24C3-439C-B824-A0948CCF5764}.DefaultBuild|Any CPU.Build.0 = Debug|Any CPU
		{BDB8D27D-24C3-439C-B824-A0948CCF5764}.DefaultBuild|Mixed Platforms.ActiveCfg = Debug|Any CPU
		{BDB8D27D-24C3-439C-B824-A0948CCF5764}.DefaultBuild|Mixed Platforms.Build.0 = Debug|Any CPU
		{BDB8D27D-24C3-439C-B824-A0948CCF5764}.DefaultBuild|x86.ActiveCfg = Debug|Any CPU
		{BDB8D27D-24C3-439C-B824-A0948CCF5764}.DefaultBuild|x86.Build.0 = Debug|Any CPU
		{BDB8D27D-24C3-439C-B824-A0948CCF5764}.DVD-5|Any CPU.ActiveCfg = Debug|Any CPU
		{BDB8D27D-24C3-439C-B824-A0948CCF5764}.DVD-5|Any CPU.Build.0 = Debug|Any CPU
		{BDB8D27D-24C3-439C-B824-A0948CCF5764}.DVD-5|Mixed Platforms.ActiveCfg = Debug|Any CPU
		{BDB8D27D-24C3-439C-B824-A0948CCF5764}.DVD-5|Mixed Platforms.Build.0 = Debug|Any CPU
		{BDB8D27D-24C3-439C-B824-A0948CCF5764}.DVD-5|x86.ActiveCfg = Debug|Any CPU
		{BDB8D27D-24C3-439C-B824-A0948CCF5764}.Release|Any CPU.ActiveCfg = Release|Any CPU
		{BDB8D27D-24C3-439C-B824-A0948CCF5764}.Release|Any CPU.Build.0 = Release|Any CPU
		{BDB8D27D-24C3-439C-B824-A0948CCF5764}.Release|Mixed Platforms.ActiveCfg = Release|Any CPU
		{BDB8D27D-24C3-439C-B824-A0948CCF5764}.Release|Mixed Platforms.Build.0 = Release|Any CPU
		{BDB8D27D-24C3-439C-B824-A0948CCF5764}.Release|x86.ActiveCfg = Release|Any CPU
		{BDB8D27D-24C3-439C-B824-A0948CCF5764}.SingleImage|Any CPU.ActiveCfg = Release|Any CPU
		{BDB8D27D-24C3-439C-B824-A0948CCF5764}.SingleImage|Any CPU.Build.0 = Release|Any CPU
		{BDB8D27D-24C3-439C-B824-A0948CCF5764}.SingleImage|Mixed Platforms.ActiveCfg = Debug|Any CPU
		{BDB8D27D-24C3-439C-B824-A0948CCF5764}.SingleImage|Mixed Platforms.Build.0 = Debug|Any CPU
		{BDB8D27D-24C3-439C-B824-A0948CCF5764}.SingleImage|x86.ActiveCfg = Debug|Any CPU
		{1E488BB2-B9E8-4A23-BB5B-1D2F7FF770AA}.CD_ROM|Any CPU.ActiveCfg = Release|Any CPU
		{1E488BB2-B9E8-4A23-BB5B-1D2F7FF770AA}.CD_ROM|Any CPU.Build.0 = Release|Any CPU
		{1E488BB2-B9E8-4A23-BB5B-1D2F7FF770AA}.CD_ROM|Mixed Platforms.ActiveCfg = Debug|Any CPU
		{1E488BB2-B9E8-4A23-BB5B-1D2F7FF770AA}.CD_ROM|Mixed Platforms.Build.0 = Debug|Any CPU
		{1E488BB2-B9E8-4A23-BB5B-1D2F7FF770AA}.CD_ROM|x86.ActiveCfg = Debug|Any CPU
		{1E488BB2-B9E8-4A23-BB5B-1D2F7FF770AA}.Debug|Any CPU.ActiveCfg = Debug|Any CPU
		{1E488BB2-B9E8-4A23-BB5B-1D2F7FF770AA}.Debug|Any CPU.Build.0 = Debug|Any CPU
		{1E488BB2-B9E8-4A23-BB5B-1D2F7FF770AA}.Debug|Mixed Platforms.ActiveCfg = Debug|Any CPU
		{1E488BB2-B9E8-4A23-BB5B-1D2F7FF770AA}.Debug|Mixed Platforms.Build.0 = Debug|Any CPU
		{1E488BB2-B9E8-4A23-BB5B-1D2F7FF770AA}.Debug|x86.ActiveCfg = Debug|Any CPU
		{1E488BB2-B9E8-4A23-BB5B-1D2F7FF770AA}.DefaultBuild|Any CPU.ActiveCfg = Debug|Any CPU
		{1E488BB2-B9E8-4A23-BB5B-1D2F7FF770AA}.DefaultBuild|Any CPU.Build.0 = Debug|Any CPU
		{1E488BB2-B9E8-4A23-BB5B-1D2F7FF770AA}.DefaultBuild|Mixed Platforms.ActiveCfg = Debug|Any CPU
		{1E488BB2-B9E8-4A23-BB5B-1D2F7FF770AA}.DefaultBuild|Mixed Platforms.Build.0 = Debug|Any CPU
		{1E488BB2-B9E8-4A23-BB5B-1D2F7FF770AA}.DefaultBuild|x86.ActiveCfg = Debug|Any CPU
		{1E488BB2-B9E8-4A23-BB5B-1D2F7FF770AA}.DefaultBuild|x86.Build.0 = Debug|Any CPU
		{1E488BB2-B9E8-4A23-BB5B-1D2F7FF770AA}.DVD-5|Any CPU.ActiveCfg = Debug|Any CPU
		{1E488BB2-B9E8-4A23-BB5B-1D2F7FF770AA}.DVD-5|Any CPU.Build.0 = Debug|Any CPU
		{1E488BB2-B9E8-4A23-BB5B-1D2F7FF770AA}.DVD-5|Mixed Platforms.ActiveCfg = Debug|Any CPU
		{1E488BB2-B9E8-4A23-BB5B-1D2F7FF770AA}.DVD-5|Mixed Platforms.Build.0 = Debug|Any CPU
		{1E488BB2-B9E8-4A23-BB5B-1D2F7FF770AA}.DVD-5|x86.ActiveCfg = Debug|Any CPU
		{1E488BB2-B9E8-4A23-BB5B-1D2F7FF770AA}.Release|Any CPU.ActiveCfg = Release|Any CPU
		{1E488BB2-B9E8-4A23-BB5B-1D2F7FF770AA}.Release|Any CPU.Build.0 = Release|Any CPU
		{1E488BB2-B9E8-4A23-BB5B-1D2F7FF770AA}.Release|Mixed Platforms.ActiveCfg = Release|Any CPU
		{1E488BB2-B9E8-4A23-BB5B-1D2F7FF770AA}.Release|Mixed Platforms.Build.0 = Release|Any CPU
		{1E488BB2-B9E8-4A23-BB5B-1D2F7FF770AA}.Release|x86.ActiveCfg = Release|Any CPU
		{1E488BB2-B9E8-4A23-BB5B-1D2F7FF770AA}.SingleImage|Any CPU.ActiveCfg = Release|Any CPU
		{1E488BB2-B9E8-4A23-BB5B-1D2F7FF770AA}.SingleImage|Any CPU.Build.0 = Release|Any CPU
		{1E488BB2-B9E8-4A23-BB5B-1D2F7FF770AA}.SingleImage|Mixed Platforms.ActiveCfg = Debug|Any CPU
		{1E488BB2-B9E8-4A23-BB5B-1D2F7FF770AA}.SingleImage|Mixed Platforms.Build.0 = Debug|Any CPU
		{1E488BB2-B9E8-4A23-BB5B-1D2F7FF770AA}.SingleImage|x86.ActiveCfg = Debug|Any CPU
		{4AB4B0DB-780C-48B9-A642-8E527353D957}.CD_ROM|Any CPU.ActiveCfg = Release|Any CPU
		{4AB4B0DB-780C-48B9-A642-8E527353D957}.CD_ROM|Any CPU.Build.0 = Release|Any CPU
		{4AB4B0DB-780C-48B9-A642-8E527353D957}.CD_ROM|Mixed Platforms.ActiveCfg = Debug|Any CPU
		{4AB4B0DB-780C-48B9-A642-8E527353D957}.CD_ROM|Mixed Platforms.Build.0 = Debug|Any CPU
		{4AB4B0DB-780C-48B9-A642-8E527353D957}.CD_ROM|x86.ActiveCfg = Debug|Any CPU
		{4AB4B0DB-780C-48B9-A642-8E527353D957}.Debug|Any CPU.ActiveCfg = Debug|Any CPU
		{4AB4B0DB-780C-48B9-A642-8E527353D957}.Debug|Any CPU.Build.0 = Debug|Any CPU
		{4AB4B0DB-780C-48B9-A642-8E527353D957}.Debug|Mixed Platforms.ActiveCfg = Debug|Any CPU
		{4AB4B0DB-780C-48B9-A642-8E527353D957}.Debug|Mixed Platforms.Build.0 = Debug|Any CPU
		{4AB4B0DB-780C-48B9-A642-8E527353D957}.Debug|x86.ActiveCfg = Debug|Any CPU
		{4AB4B0DB-780C-48B9-A642-8E527353D957}.DefaultBuild|Any CPU.ActiveCfg = Debug|Any CPU
		{4AB4B0DB-780C-48B9-A642-8E527353D957}.DefaultBuild|Any CPU.Build.0 = Debug|Any CPU
		{4AB4B0DB-780C-48B9-A642-8E527353D957}.DefaultBuild|Mixed Platforms.ActiveCfg = Debug|Any CPU
		{4AB4B0DB-780C-48B9-A642-8E527353D957}.DefaultBuild|Mixed Platforms.Build.0 = Debug|Any CPU
		{4AB4B0DB-780C-48B9-A642-8E527353D957}.DefaultBuild|x86.ActiveCfg = Debug|Any CPU
		{4AB4B0DB-780C-48B9-A642-8E527353D957}.DefaultBuild|x86.Build.0 = Debug|Any CPU
		{4AB4B0DB-780C-48B9-A642-8E527353D957}.DVD-5|Any CPU.ActiveCfg = Debug|Any CPU
		{4AB4B0DB-780C-48B9-A642-8E527353D957}.DVD-5|Any CPU.Build.0 = Debug|Any CPU
		{4AB4B0DB-780C-48B9-A642-8E527353D957}.DVD-5|Mixed Platforms.ActiveCfg = Debug|Any CPU
		{4AB4B0DB-780C-48B9-A642-8E527353D957}.DVD-5|Mixed Platforms.Build.0 = Debug|Any CPU
		{4AB4B0DB-780C-48B9-A642-8E527353D957}.DVD-5|x86.ActiveCfg = Debug|Any CPU
		{4AB4B0DB-780C-48B9-A642-8E527353D957}.Release|Any CPU.ActiveCfg = Release|Any CPU
		{4AB4B0DB-780C-48B9-A642-8E527353D957}.Release|Any CPU.Build.0 = Release|Any CPU
		{4AB4B0DB-780C-48B9-A642-8E527353D957}.Release|Mixed Platforms.ActiveCfg = Release|Any CPU
		{4AB4B0DB-780C-48B9-A642-8E527353D957}.Release|Mixed Platforms.Build.0 = Release|Any CPU
		{4AB4B0DB-780C-48B9-A642-8E527353D957}.Release|x86.ActiveCfg = Release|Any CPU
		{4AB4B0DB-780C-48B9-A642-8E527353D957}.SingleImage|Any CPU.ActiveCfg = Release|Any CPU
		{4AB4B0DB-780C-48B9-A642-8E527353D957}.SingleImage|Any CPU.Build.0 = Release|Any CPU
		{4AB4B0DB-780C-48B9-A642-8E527353D957}.SingleImage|Mixed Platforms.ActiveCfg = Debug|Any CPU
		{4AB4B0DB-780C-48B9-A642-8E527353D957}.SingleImage|Mixed Platforms.Build.0 = Debug|Any CPU
		{4AB4B0DB-780C-48B9-A642-8E527353D957}.SingleImage|x86.ActiveCfg = Debug|Any CPU
		{AD69C849-57FA-49EA-8BA0-13B3741FF7E6}.CD_ROM|Any CPU.ActiveCfg = Release|Any CPU
		{AD69C849-57FA-49EA-8BA0-13B3741FF7E6}.CD_ROM|Any CPU.Build.0 = Release|Any CPU
		{AD69C849-57FA-49EA-8BA0-13B3741FF7E6}.CD_ROM|Mixed Platforms.ActiveCfg = Debug|Any CPU
		{AD69C849-57FA-49EA-8BA0-13B3741FF7E6}.CD_ROM|Mixed Platforms.Build.0 = Debug|Any CPU
		{AD69C849-57FA-49EA-8BA0-13B3741FF7E6}.CD_ROM|x86.ActiveCfg = Debug|Any CPU
		{AD69C849-57FA-49EA-8BA0-13B3741FF7E6}.Debug|Any CPU.ActiveCfg = Debug|Any CPU
		{AD69C849-57FA-49EA-8BA0-13B3741FF7E6}.Debug|Mixed Platforms.ActiveCfg = Debug|Any CPU
		{AD69C849-57FA-49EA-8BA0-13B3741FF7E6}.Debug|Mixed Platforms.Build.0 = Debug|Any CPU
		{AD69C849-57FA-49EA-8BA0-13B3741FF7E6}.Debug|x86.ActiveCfg = Debug|Any CPU
		{AD69C849-57FA-49EA-8BA0-13B3741FF7E6}.DefaultBuild|Any CPU.ActiveCfg = Debug|Any CPU
		{AD69C849-57FA-49EA-8BA0-13B3741FF7E6}.DefaultBuild|Any CPU.Build.0 = Debug|Any CPU
		{AD69C849-57FA-49EA-8BA0-13B3741FF7E6}.DefaultBuild|Mixed Platforms.ActiveCfg = Debug|Any CPU
		{AD69C849-57FA-49EA-8BA0-13B3741FF7E6}.DefaultBuild|Mixed Platforms.Build.0 = Debug|Any CPU
		{AD69C849-57FA-49EA-8BA0-13B3741FF7E6}.DefaultBuild|x86.ActiveCfg = Debug|Any CPU
		{AD69C849-57FA-49EA-8BA0-13B3741FF7E6}.DefaultBuild|x86.Build.0 = Debug|Any CPU
		{AD69C849-57FA-49EA-8BA0-13B3741FF7E6}.DVD-5|Any CPU.ActiveCfg = Debug|Any CPU
		{AD69C849-57FA-49EA-8BA0-13B3741FF7E6}.DVD-5|Any CPU.Build.0 = Debug|Any CPU
		{AD69C849-57FA-49EA-8BA0-13B3741FF7E6}.DVD-5|Mixed Platforms.ActiveCfg = Debug|Any CPU
		{AD69C849-57FA-49EA-8BA0-13B3741FF7E6}.DVD-5|Mixed Platforms.Build.0 = Debug|Any CPU
		{AD69C849-57FA-49EA-8BA0-13B3741FF7E6}.DVD-5|x86.ActiveCfg = Debug|Any CPU
		{AD69C849-57FA-49EA-8BA0-13B3741FF7E6}.Release|Any CPU.ActiveCfg = Release|Any CPU
		{AD69C849-57FA-49EA-8BA0-13B3741FF7E6}.Release|Any CPU.Build.0 = Release|Any CPU
		{AD69C849-57FA-49EA-8BA0-13B3741FF7E6}.Release|Mixed Platforms.ActiveCfg = Release|Any CPU
		{AD69C849-57FA-49EA-8BA0-13B3741FF7E6}.Release|Mixed Platforms.Build.0 = Release|Any CPU
		{AD69C849-57FA-49EA-8BA0-13B3741FF7E6}.Release|x86.ActiveCfg = Release|Any CPU
		{AD69C849-57FA-49EA-8BA0-13B3741FF7E6}.SingleImage|Any CPU.ActiveCfg = Release|Any CPU
		{AD69C849-57FA-49EA-8BA0-13B3741FF7E6}.SingleImage|Any CPU.Build.0 = Release|Any CPU
		{AD69C849-57FA-49EA-8BA0-13B3741FF7E6}.SingleImage|Mixed Platforms.ActiveCfg = Debug|Any CPU
		{AD69C849-57FA-49EA-8BA0-13B3741FF7E6}.SingleImage|Mixed Platforms.Build.0 = Debug|Any CPU
		{AD69C849-57FA-49EA-8BA0-13B3741FF7E6}.SingleImage|x86.ActiveCfg = Debug|Any CPU
		{0F158668-E2D8-4A90-B156-AFA7EC313837}.CD_ROM|Any CPU.ActiveCfg = Release|Any CPU
		{0F158668-E2D8-4A90-B156-AFA7EC313837}.CD_ROM|Any CPU.Build.0 = Release|Any CPU
		{0F158668-E2D8-4A90-B156-AFA7EC313837}.CD_ROM|Mixed Platforms.ActiveCfg = Debug|Any CPU
		{0F158668-E2D8-4A90-B156-AFA7EC313837}.CD_ROM|Mixed Platforms.Build.0 = Debug|Any CPU
		{0F158668-E2D8-4A90-B156-AFA7EC313837}.CD_ROM|x86.ActiveCfg = Debug|Any CPU
		{0F158668-E2D8-4A90-B156-AFA7EC313837}.Debug|Any CPU.ActiveCfg = Debug|Any CPU
		{0F158668-E2D8-4A90-B156-AFA7EC313837}.Debug|Any CPU.Build.0 = Debug|Any CPU
		{0F158668-E2D8-4A90-B156-AFA7EC313837}.Debug|Mixed Platforms.ActiveCfg = Debug|Any CPU
		{0F158668-E2D8-4A90-B156-AFA7EC313837}.Debug|Mixed Platforms.Build.0 = Debug|Any CPU
		{0F158668-E2D8-4A90-B156-AFA7EC313837}.Debug|x86.ActiveCfg = Debug|Any CPU
		{0F158668-E2D8-4A90-B156-AFA7EC313837}.DefaultBuild|Any CPU.ActiveCfg = Debug|Any CPU
		{0F158668-E2D8-4A90-B156-AFA7EC313837}.DefaultBuild|Any CPU.Build.0 = Debug|Any CPU
		{0F158668-E2D8-4A90-B156-AFA7EC313837}.DefaultBuild|Mixed Platforms.ActiveCfg = Debug|Any CPU
		{0F158668-E2D8-4A90-B156-AFA7EC313837}.DefaultBuild|Mixed Platforms.Build.0 = Debug|Any CPU
		{0F158668-E2D8-4A90-B156-AFA7EC313837}.DefaultBuild|x86.ActiveCfg = Debug|Any CPU
		{0F158668-E2D8-4A90-B156-AFA7EC313837}.DefaultBuild|x86.Build.0 = Debug|Any CPU
		{0F158668-E2D8-4A90-B156-AFA7EC313837}.DVD-5|Any CPU.ActiveCfg = Debug|Any CPU
		{0F158668-E2D8-4A90-B156-AFA7EC313837}.DVD-5|Any CPU.Build.0 = Debug|Any CPU
		{0F158668-E2D8-4A90-B156-AFA7EC313837}.DVD-5|Mixed Platforms.ActiveCfg = Debug|Any CPU
		{0F158668-E2D8-4A90-B156-AFA7EC313837}.DVD-5|Mixed Platforms.Build.0 = Debug|Any CPU
		{0F158668-E2D8-4A90-B156-AFA7EC313837}.DVD-5|x86.ActiveCfg = Debug|Any CPU
		{0F158668-E2D8-4A90-B156-AFA7EC313837}.Release|Any CPU.ActiveCfg = Release|Any CPU
		{0F158668-E2D8-4A90-B156-AFA7EC313837}.Release|Any CPU.Build.0 = Release|Any CPU
		{0F158668-E2D8-4A90-B156-AFA7EC313837}.Release|Mixed Platforms.ActiveCfg = Release|Any CPU
		{0F158668-E2D8-4A90-B156-AFA7EC313837}.Release|Mixed Platforms.Build.0 = Release|Any CPU
		{0F158668-E2D8-4A90-B156-AFA7EC313837}.Release|x86.ActiveCfg = Release|Any CPU
		{0F158668-E2D8-4A90-B156-AFA7EC313837}.SingleImage|Any CPU.ActiveCfg = Release|Any CPU
		{0F158668-E2D8-4A90-B156-AFA7EC313837}.SingleImage|Any CPU.Build.0 = Release|Any CPU
		{0F158668-E2D8-4A90-B156-AFA7EC313837}.SingleImage|Mixed Platforms.ActiveCfg = Debug|Any CPU
		{0F158668-E2D8-4A90-B156-AFA7EC313837}.SingleImage|Mixed Platforms.Build.0 = Debug|Any CPU
		{0F158668-E2D8-4A90-B156-AFA7EC313837}.SingleImage|x86.ActiveCfg = Debug|Any CPU
		{B34C9239-2DCA-49AC-9375-77DC8248C705}.CD_ROM|Any CPU.ActiveCfg = Release|Any CPU
		{B34C9239-2DCA-49AC-9375-77DC8248C705}.CD_ROM|Any CPU.Build.0 = Release|Any CPU
		{B34C9239-2DCA-49AC-9375-77DC8248C705}.CD_ROM|Mixed Platforms.ActiveCfg = Debug|Any CPU
		{B34C9239-2DCA-49AC-9375-77DC8248C705}.CD_ROM|Mixed Platforms.Build.0 = Debug|Any CPU
		{B34C9239-2DCA-49AC-9375-77DC8248C705}.CD_ROM|x86.ActiveCfg = Debug|Any CPU
		{B34C9239-2DCA-49AC-9375-77DC8248C705}.Debug|Any CPU.ActiveCfg = Debug|Any CPU
		{B34C9239-2DCA-49AC-9375-77DC8248C705}.Debug|Any CPU.Build.0 = Debug|Any CPU
		{B34C9239-2DCA-49AC-9375-77DC8248C705}.Debug|Mixed Platforms.ActiveCfg = Debug|Any CPU
		{B34C9239-2DCA-49AC-9375-77DC8248C705}.Debug|Mixed Platforms.Build.0 = Debug|Any CPU
		{B34C9239-2DCA-49AC-9375-77DC8248C705}.Debug|x86.ActiveCfg = Debug|Any CPU
		{B34C9239-2DCA-49AC-9375-77DC8248C705}.DefaultBuild|Any CPU.ActiveCfg = Debug|Any CPU
		{B34C9239-2DCA-49AC-9375-77DC8248C705}.DefaultBuild|Any CPU.Build.0 = Debug|Any CPU
		{B34C9239-2DCA-49AC-9375-77DC8248C705}.DefaultBuild|Mixed Platforms.ActiveCfg = Debug|Any CPU
		{B34C9239-2DCA-49AC-9375-77DC8248C705}.DefaultBuild|Mixed Platforms.Build.0 = Debug|Any CPU
		{B34C9239-2DCA-49AC-9375-77DC8248C705}.DefaultBuild|x86.ActiveCfg = Debug|Any CPU
		{B34C9239-2DCA-49AC-9375-77DC8248C705}.DefaultBuild|x86.Build.0 = Debug|Any CPU
		{B34C9239-2DCA-49AC-9375-77DC8248C705}.DVD-5|Any CPU.ActiveCfg = Debug|Any CPU
		{B34C9239-2DCA-49AC-9375-77DC8248C705}.DVD-5|Any CPU.Build.0 = Debug|Any CPU
		{B34C9239-2DCA-49AC-9375-77DC8248C705}.DVD-5|Mixed Platforms.ActiveCfg = Debug|Any CPU
		{B34C9239-2DCA-49AC-9375-77DC8248C705}.DVD-5|Mixed Platforms.Build.0 = Debug|Any CPU
		{B34C9239-2DCA-49AC-9375-77DC8248C705}.DVD-5|x86.ActiveCfg = Debug|Any CPU
		{B34C9239-2DCA-49AC-9375-77DC8248C705}.Release|Any CPU.ActiveCfg = Release|Any CPU
		{B34C9239-2DCA-49AC-9375-77DC8248C705}.Release|Any CPU.Build.0 = Release|Any CPU
		{B34C9239-2DCA-49AC-9375-77DC8248C705}.Release|Mixed Platforms.ActiveCfg = Release|Any CPU
		{B34C9239-2DCA-49AC-9375-77DC8248C705}.Release|Mixed Platforms.Build.0 = Release|Any CPU
		{B34C9239-2DCA-49AC-9375-77DC8248C705}.Release|x86.ActiveCfg = Release|Any CPU
		{B34C9239-2DCA-49AC-9375-77DC8248C705}.SingleImage|Any CPU.ActiveCfg = Release|Any CPU
		{B34C9239-2DCA-49AC-9375-77DC8248C705}.SingleImage|Any CPU.Build.0 = Release|Any CPU
		{B34C9239-2DCA-49AC-9375-77DC8248C705}.SingleImage|Mixed Platforms.ActiveCfg = Debug|Any CPU
		{B34C9239-2DCA-49AC-9375-77DC8248C705}.SingleImage|Mixed Platforms.Build.0 = Debug|Any CPU
		{B34C9239-2DCA-49AC-9375-77DC8248C705}.SingleImage|x86.ActiveCfg = Debug|Any CPU
		{46371712-DEBF-42E2-95F1-2E507371F924}.CD_ROM|Any CPU.ActiveCfg = Release|Any CPU
		{46371712-DEBF-42E2-95F1-2E507371F924}.CD_ROM|Any CPU.Build.0 = Release|Any CPU
		{46371712-DEBF-42E2-95F1-2E507371F924}.CD_ROM|Mixed Platforms.ActiveCfg = Debug|Any CPU
		{46371712-DEBF-42E2-95F1-2E507371F924}.CD_ROM|Mixed Platforms.Build.0 = Debug|Any CPU
		{46371712-DEBF-42E2-95F1-2E507371F924}.CD_ROM|x86.ActiveCfg = Debug|Any CPU
		{46371712-DEBF-42E2-95F1-2E507371F924}.Debug|Any CPU.ActiveCfg = Debug|Any CPU
		{46371712-DEBF-42E2-95F1-2E507371F924}.Debug|Any CPU.Build.0 = Debug|Any CPU
		{46371712-DEBF-42E2-95F1-2E507371F924}.Debug|Mixed Platforms.ActiveCfg = Debug|Any CPU
		{46371712-DEBF-42E2-95F1-2E507371F924}.Debug|Mixed Platforms.Build.0 = Debug|Any CPU
		{46371712-DEBF-42E2-95F1-2E507371F924}.Debug|x86.ActiveCfg = Debug|Any CPU
		{46371712-DEBF-42E2-95F1-2E507371F924}.DefaultBuild|Any CPU.ActiveCfg = Debug|Any CPU
		{46371712-DEBF-42E2-95F1-2E507371F924}.DefaultBuild|Any CPU.Build.0 = Debug|Any CPU
		{46371712-DEBF-42E2-95F1-2E507371F924}.DefaultBuild|Mixed Platforms.ActiveCfg = Debug|Any CPU
		{46371712-DEBF-42E2-95F1-2E507371F924}.DefaultBuild|Mixed Platforms.Build.0 = Debug|Any CPU
		{46371712-DEBF-42E2-95F1-2E507371F924}.DefaultBuild|x86.ActiveCfg = Debug|Any CPU
		{46371712-DEBF-42E2-95F1-2E507371F924}.DefaultBuild|x86.Build.0 = Debug|Any CPU
		{46371712-DEBF-42E2-95F1-2E507371F924}.DVD-5|Any CPU.ActiveCfg = Debug|Any CPU
		{46371712-DEBF-42E2-95F1-2E507371F924}.DVD-5|Any CPU.Build.0 = Debug|Any CPU
		{46371712-DEBF-42E2-95F1-2E507371F924}.DVD-5|Mixed Platforms.ActiveCfg = Debug|Any CPU
		{46371712-DEBF-42E2-95F1-2E507371F924}.DVD-5|Mixed Platforms.Build.0 = Debug|Any CPU
		{46371712-DEBF-42E2-95F1-2E507371F924}.DVD-5|x86.ActiveCfg = Debug|Any CPU
		{46371712-DEBF-42E2-95F1-2E507371F924}.Release|Any CPU.ActiveCfg = Release|Any CPU
		{46371712-DEBF-42E2-95F1-2E507371F924}.Release|Any CPU.Build.0 = Release|Any CPU
		{46371712-DEBF-42E2-95F1-2E507371F924}.Release|Mixed Platforms.ActiveCfg = Release|Any CPU
		{46371712-DEBF-42E2-95F1-2E507371F924}.Release|Mixed Platforms.Build.0 = Release|Any CPU
		{46371712-DEBF-42E2-95F1-2E507371F924}.Release|x86.ActiveCfg = Release|Any CPU
		{46371712-DEBF-42E2-95F1-2E507371F924}.SingleImage|Any CPU.ActiveCfg = Release|Any CPU
		{46371712-DEBF-42E2-95F1-2E507371F924}.SingleImage|Any CPU.Build.0 = Release|Any CPU
		{46371712-DEBF-42E2-95F1-2E507371F924}.SingleImage|Mixed Platforms.ActiveCfg = Debug|Any CPU
		{46371712-DEBF-42E2-95F1-2E507371F924}.SingleImage|Mixed Platforms.Build.0 = Debug|Any CPU
		{46371712-DEBF-42E2-95F1-2E507371F924}.SingleImage|x86.ActiveCfg = Debug|Any CPU
		{82A67D3A-F543-4F4C-8E3C-FD78C310F610}.CD_ROM|Any CPU.ActiveCfg = Release|Any CPU
		{82A67D3A-F543-4F4C-8E3C-FD78C310F610}.CD_ROM|Any CPU.Build.0 = Release|Any CPU
		{82A67D3A-F543-4F4C-8E3C-FD78C310F610}.CD_ROM|Mixed Platforms.ActiveCfg = Debug|Any CPU
		{82A67D3A-F543-4F4C-8E3C-FD78C310F610}.CD_ROM|Mixed Platforms.Build.0 = Debug|Any CPU
		{82A67D3A-F543-4F4C-8E3C-FD78C310F610}.CD_ROM|x86.ActiveCfg = Debug|Any CPU
		{82A67D3A-F543-4F4C-8E3C-FD78C310F610}.Debug|Any CPU.ActiveCfg = Debug|Any CPU
		{82A67D3A-F543-4F4C-8E3C-FD78C310F610}.Debug|Any CPU.Build.0 = Debug|Any CPU
		{82A67D3A-F543-4F4C-8E3C-FD78C310F610}.Debug|Mixed Platforms.ActiveCfg = Debug|Any CPU
		{82A67D3A-F543-4F4C-8E3C-FD78C310F610}.Debug|Mixed Platforms.Build.0 = Debug|Any CPU
		{82A67D3A-F543-4F4C-8E3C-FD78C310F610}.Debug|x86.ActiveCfg = Debug|Any CPU
		{82A67D3A-F543-4F4C-8E3C-FD78C310F610}.DefaultBuild|Any CPU.ActiveCfg = Debug|Any CPU
		{82A67D3A-F543-4F4C-8E3C-FD78C310F610}.DefaultBuild|Any CPU.Build.0 = Debug|Any CPU
		{82A67D3A-F543-4F4C-8E3C-FD78C310F610}.DefaultBuild|Mixed Platforms.ActiveCfg = Debug|Any CPU
		{82A67D3A-F543-4F4C-8E3C-FD78C310F610}.DefaultBuild|Mixed Platforms.Build.0 = Debug|Any CPU
		{82A67D3A-F543-4F4C-8E3C-FD78C310F610}.DefaultBuild|x86.ActiveCfg = Debug|Any CPU
		{82A67D3A-F543-4F4C-8E3C-FD78C310F610}.DefaultBuild|x86.Build.0 = Debug|Any CPU
		{82A67D3A-F543-4F4C-8E3C-FD78C310F610}.DVD-5|Any CPU.ActiveCfg = Debug|Any CPU
		{82A67D3A-F543-4F4C-8E3C-FD78C310F610}.DVD-5|Any CPU.Build.0 = Debug|Any CPU
		{82A67D3A-F543-4F4C-8E3C-FD78C310F610}.DVD-5|Mixed Platforms.ActiveCfg = Debug|Any CPU
		{82A67D3A-F543-4F4C-8E3C-FD78C310F610}.DVD-5|Mixed Platforms.Build.0 = Debug|Any CPU
		{82A67D3A-F543-4F4C-8E3C-FD78C310F610}.DVD-5|x86.ActiveCfg = Debug|Any CPU
		{82A67D3A-F543-4F4C-8E3C-FD78C310F610}.Release|Any CPU.ActiveCfg = Release|Any CPU
		{82A67D3A-F543-4F4C-8E3C-FD78C310F610}.Release|Any CPU.Build.0 = Release|Any CPU
		{82A67D3A-F543-4F4C-8E3C-FD78C310F610}.Release|Mixed Platforms.ActiveCfg = Release|Any CPU
		{82A67D3A-F543-4F4C-8E3C-FD78C310F610}.Release|Mixed Platforms.Build.0 = Release|Any CPU
		{82A67D3A-F543-4F4C-8E3C-FD78C310F610}.Release|x86.ActiveCfg = Release|Any CPU
		{82A67D3A-F543-4F4C-8E3C-FD78C310F610}.SingleImage|Any CPU.ActiveCfg = Release|Any CPU
		{82A67D3A-F543-4F4C-8E3C-FD78C310F610}.SingleImage|Any CPU.Build.0 = Release|Any CPU
		{82A67D3A-F543-4F4C-8E3C-FD78C310F610}.SingleImage|Mixed Platforms.ActiveCfg = Debug|Any CPU
		{82A67D3A-F543-4F4C-8E3C-FD78C310F610}.SingleImage|Mixed Platforms.Build.0 = Debug|Any CPU
		{82A67D3A-F543-4F4C-8E3C-FD78C310F610}.SingleImage|x86.ActiveCfg = Debug|Any CPU
		{67174E59-0A40-4E8F-A82B-02FD317DD801}.CD_ROM|Any CPU.ActiveCfg = Release|Any CPU
		{67174E59-0A40-4E8F-A82B-02FD317DD801}.CD_ROM|Any CPU.Build.0 = Release|Any CPU
		{67174E59-0A40-4E8F-A82B-02FD317DD801}.CD_ROM|Mixed Platforms.ActiveCfg = Debug|Any CPU
		{67174E59-0A40-4E8F-A82B-02FD317DD801}.CD_ROM|Mixed Platforms.Build.0 = Debug|Any CPU
		{67174E59-0A40-4E8F-A82B-02FD317DD801}.CD_ROM|x86.ActiveCfg = Debug|Any CPU
		{67174E59-0A40-4E8F-A82B-02FD317DD801}.Debug|Any CPU.ActiveCfg = Debug|Any CPU
		{67174E59-0A40-4E8F-A82B-02FD317DD801}.Debug|Any CPU.Build.0 = Debug|Any CPU
		{67174E59-0A40-4E8F-A82B-02FD317DD801}.Debug|Mixed Platforms.ActiveCfg = Debug|Any CPU
		{67174E59-0A40-4E8F-A82B-02FD317DD801}.Debug|Mixed Platforms.Build.0 = Debug|Any CPU
		{67174E59-0A40-4E8F-A82B-02FD317DD801}.Debug|x86.ActiveCfg = Debug|Any CPU
		{67174E59-0A40-4E8F-A82B-02FD317DD801}.DefaultBuild|Any CPU.ActiveCfg = Debug|Any CPU
		{67174E59-0A40-4E8F-A82B-02FD317DD801}.DefaultBuild|Any CPU.Build.0 = Debug|Any CPU
		{67174E59-0A40-4E8F-A82B-02FD317DD801}.DefaultBuild|Mixed Platforms.ActiveCfg = Debug|Any CPU
		{67174E59-0A40-4E8F-A82B-02FD317DD801}.DefaultBuild|Mixed Platforms.Build.0 = Debug|Any CPU
		{67174E59-0A40-4E8F-A82B-02FD317DD801}.DefaultBuild|x86.ActiveCfg = Debug|Any CPU
		{67174E59-0A40-4E8F-A82B-02FD317DD801}.DefaultBuild|x86.Build.0 = Debug|Any CPU
		{67174E59-0A40-4E8F-A82B-02FD317DD801}.DVD-5|Any CPU.ActiveCfg = Debug|Any CPU
		{67174E59-0A40-4E8F-A82B-02FD317DD801}.DVD-5|Any CPU.Build.0 = Debug|Any CPU
		{67174E59-0A40-4E8F-A82B-02FD317DD801}.DVD-5|Mixed Platforms.ActiveCfg = Debug|Any CPU
		{67174E59-0A40-4E8F-A82B-02FD317DD801}.DVD-5|Mixed Platforms.Build.0 = Debug|Any CPU
		{67174E59-0A40-4E8F-A82B-02FD317DD801}.DVD-5|x86.ActiveCfg = Debug|Any CPU
		{67174E59-0A40-4E8F-A82B-02FD317DD801}.Release|Any CPU.ActiveCfg = Release|Any CPU
		{67174E59-0A40-4E8F-A82B-02FD317DD801}.Release|Any CPU.Build.0 = Release|Any CPU
		{67174E59-0A40-4E8F-A82B-02FD317DD801}.Release|Mixed Platforms.ActiveCfg = Release|Any CPU
		{67174E59-0A40-4E8F-A82B-02FD317DD801}.Release|Mixed Platforms.Build.0 = Release|Any CPU
		{67174E59-0A40-4E8F-A82B-02FD317DD801}.Release|x86.ActiveCfg = Release|Any CPU
		{67174E59-0A40-4E8F-A82B-02FD317DD801}.SingleImage|Any CPU.ActiveCfg = Release|Any CPU
		{67174E59-0A40-4E8F-A82B-02FD317DD801}.SingleImage|Any CPU.Build.0 = Release|Any CPU
		{67174E59-0A40-4E8F-A82B-02FD317DD801}.SingleImage|Mixed Platforms.ActiveCfg = Debug|Any CPU
		{67174E59-0A40-4E8F-A82B-02FD317DD801}.SingleImage|Mixed Platforms.Build.0 = Debug|Any CPU
		{67174E59-0A40-4E8F-A82B-02FD317DD801}.SingleImage|x86.ActiveCfg = Debug|Any CPU
		{942D11C4-29F5-46C4-8C14-4B976D56C637}.CD_ROM|Any CPU.ActiveCfg = Release|Any CPU
		{942D11C4-29F5-46C4-8C14-4B976D56C637}.CD_ROM|Any CPU.Build.0 = Release|Any CPU
		{942D11C4-29F5-46C4-8C14-4B976D56C637}.CD_ROM|Mixed Platforms.ActiveCfg = Debug|Any CPU
		{942D11C4-29F5-46C4-8C14-4B976D56C637}.CD_ROM|Mixed Platforms.Build.0 = Debug|Any CPU
		{942D11C4-29F5-46C4-8C14-4B976D56C637}.CD_ROM|x86.ActiveCfg = Debug|Any CPU
		{942D11C4-29F5-46C4-8C14-4B976D56C637}.Debug|Any CPU.ActiveCfg = Debug|Any CPU
		{942D11C4-29F5-46C4-8C14-4B976D56C637}.Debug|Any CPU.Build.0 = Debug|Any CPU
		{942D11C4-29F5-46C4-8C14-4B976D56C637}.Debug|Mixed Platforms.ActiveCfg = Debug|Any CPU
		{942D11C4-29F5-46C4-8C14-4B976D56C637}.Debug|Mixed Platforms.Build.0 = Debug|Any CPU
		{942D11C4-29F5-46C4-8C14-4B976D56C637}.Debug|x86.ActiveCfg = Debug|Any CPU
		{942D11C4-29F5-46C4-8C14-4B976D56C637}.DefaultBuild|Any CPU.ActiveCfg = Debug|Any CPU
		{942D11C4-29F5-46C4-8C14-4B976D56C637}.DefaultBuild|Any CPU.Build.0 = Debug|Any CPU
		{942D11C4-29F5-46C4-8C14-4B976D56C637}.DefaultBuild|Mixed Platforms.ActiveCfg = Debug|Any CPU
		{942D11C4-29F5-46C4-8C14-4B976D56C637}.DefaultBuild|Mixed Platforms.Build.0 = Debug|Any CPU
		{942D11C4-29F5-46C4-8C14-4B976D56C637}.DefaultBuild|x86.ActiveCfg = Debug|Any CPU
		{942D11C4-29F5-46C4-8C14-4B976D56C637}.DefaultBuild|x86.Build.0 = Debug|Any CPU
		{942D11C4-29F5-46C4-8C14-4B976D56C637}.DVD-5|Any CPU.ActiveCfg = Debug|Any CPU
		{942D11C4-29F5-46C4-8C14-4B976D56C637}.DVD-5|Any CPU.Build.0 = Debug|Any CPU
		{942D11C4-29F5-46C4-8C14-4B976D56C637}.DVD-5|Mixed Platforms.ActiveCfg = Debug|Any CPU
		{942D11C4-29F5-46C4-8C14-4B976D56C637}.DVD-5|Mixed Platforms.Build.0 = Debug|Any CPU
		{942D11C4-29F5-46C4-8C14-4B976D56C637}.DVD-5|x86.ActiveCfg = Debug|Any CPU
		{942D11C4-29F5-46C4-8C14-4B976D56C637}.Release|Any CPU.ActiveCfg = Release|Any CPU
		{942D11C4-29F5-46C4-8C14-4B976D56C637}.Release|Any CPU.Build.0 = Release|Any CPU
		{942D11C4-29F5-46C4-8C14-4B976D56C637}.Release|Mixed Platforms.ActiveCfg = Release|Any CPU
		{942D11C4-29F5-46C4-8C14-4B976D56C637}.Release|Mixed Platforms.Build.0 = Release|Any CPU
		{942D11C4-29F5-46C4-8C14-4B976D56C637}.Release|x86.ActiveCfg = Release|Any CPU
		{942D11C4-29F5-46C4-8C14-4B976D56C637}.SingleImage|Any CPU.ActiveCfg = Release|Any CPU
		{942D11C4-29F5-46C4-8C14-4B976D56C637}.SingleImage|Any CPU.Build.0 = Release|Any CPU
		{942D11C4-29F5-46C4-8C14-4B976D56C637}.SingleImage|Mixed Platforms.ActiveCfg = Debug|Any CPU
		{942D11C4-29F5-46C4-8C14-4B976D56C637}.SingleImage|Mixed Platforms.Build.0 = Debug|Any CPU
		{942D11C4-29F5-46C4-8C14-4B976D56C637}.SingleImage|x86.ActiveCfg = Debug|Any CPU
		{E708AC99-605B-42A0-8D20-ABCA8FE42DD2}.CD_ROM|Any CPU.ActiveCfg = Release|Any CPU
		{E708AC99-605B-42A0-8D20-ABCA8FE42DD2}.CD_ROM|Any CPU.Build.0 = Release|Any CPU
		{E708AC99-605B-42A0-8D20-ABCA8FE42DD2}.CD_ROM|Mixed Platforms.ActiveCfg = Debug|Any CPU
		{E708AC99-605B-42A0-8D20-ABCA8FE42DD2}.CD_ROM|Mixed Platforms.Build.0 = Debug|Any CPU
		{E708AC99-605B-42A0-8D20-ABCA8FE42DD2}.CD_ROM|x86.ActiveCfg = Debug|Any CPU
		{E708AC99-605B-42A0-8D20-ABCA8FE42DD2}.Debug|Any CPU.ActiveCfg = Debug|Any CPU
		{E708AC99-605B-42A0-8D20-ABCA8FE42DD2}.Debug|Any CPU.Build.0 = Debug|Any CPU
		{E708AC99-605B-42A0-8D20-ABCA8FE42DD2}.Debug|Mixed Platforms.ActiveCfg = Debug|Any CPU
		{E708AC99-605B-42A0-8D20-ABCA8FE42DD2}.Debug|Mixed Platforms.Build.0 = Debug|Any CPU
		{E708AC99-605B-42A0-8D20-ABCA8FE42DD2}.Debug|x86.ActiveCfg = Debug|Any CPU
		{E708AC99-605B-42A0-8D20-ABCA8FE42DD2}.DefaultBuild|Any CPU.ActiveCfg = Debug|Any CPU
		{E708AC99-605B-42A0-8D20-ABCA8FE42DD2}.DefaultBuild|Any CPU.Build.0 = Debug|Any CPU
		{E708AC99-605B-42A0-8D20-ABCA8FE42DD2}.DefaultBuild|Mixed Platforms.ActiveCfg = Debug|Any CPU
		{E708AC99-605B-42A0-8D20-ABCA8FE42DD2}.DefaultBuild|Mixed Platforms.Build.0 = Debug|Any CPU
		{E708AC99-605B-42A0-8D20-ABCA8FE42DD2}.DefaultBuild|x86.ActiveCfg = Debug|Any CPU
		{E708AC99-605B-42A0-8D20-ABCA8FE42DD2}.DefaultBuild|x86.Build.0 = Debug|Any CPU
		{E708AC99-605B-42A0-8D20-ABCA8FE42DD2}.DVD-5|Any CPU.ActiveCfg = Debug|Any CPU
		{E708AC99-605B-42A0-8D20-ABCA8FE42DD2}.DVD-5|Any CPU.Build.0 = Debug|Any CPU
		{E708AC99-605B-42A0-8D20-ABCA8FE42DD2}.DVD-5|Mixed Platforms.ActiveCfg = Debug|Any CPU
		{E708AC99-605B-42A0-8D20-ABCA8FE42DD2}.DVD-5|Mixed Platforms.Build.0 = Debug|Any CPU
		{E708AC99-605B-42A0-8D20-ABCA8FE42DD2}.DVD-5|x86.ActiveCfg = Debug|Any CPU
		{E708AC99-605B-42A0-8D20-ABCA8FE42DD2}.Release|Any CPU.ActiveCfg = Release|Any CPU
		{E708AC99-605B-42A0-8D20-ABCA8FE42DD2}.Release|Any CPU.Build.0 = Release|Any CPU
		{E708AC99-605B-42A0-8D20-ABCA8FE42DD2}.Release|Mixed Platforms.ActiveCfg = Release|Any CPU
		{E708AC99-605B-42A0-8D20-ABCA8FE42DD2}.Release|Mixed Platforms.Build.0 = Release|Any CPU
		{E708AC99-605B-42A0-8D20-ABCA8FE42DD2}.Release|x86.ActiveCfg = Release|Any CPU
		{E708AC99-605B-42A0-8D20-ABCA8FE42DD2}.SingleImage|Any CPU.ActiveCfg = Release|Any CPU
		{E708AC99-605B-42A0-8D20-ABCA8FE42DD2}.SingleImage|Any CPU.Build.0 = Release|Any CPU
		{E708AC99-605B-42A0-8D20-ABCA8FE42DD2}.SingleImage|Mixed Platforms.ActiveCfg = Debug|Any CPU
		{E708AC99-605B-42A0-8D20-ABCA8FE42DD2}.SingleImage|Mixed Platforms.Build.0 = Debug|Any CPU
		{E708AC99-605B-42A0-8D20-ABCA8FE42DD2}.SingleImage|x86.ActiveCfg = Debug|Any CPU
		{A6C2AA04-1325-4A69-99A1-698387B27D61}.CD_ROM|Any CPU.ActiveCfg = Release|x86
		{A6C2AA04-1325-4A69-99A1-698387B27D61}.CD_ROM|Mixed Platforms.ActiveCfg = Release|x86
		{A6C2AA04-1325-4A69-99A1-698387B27D61}.CD_ROM|Mixed Platforms.Build.0 = Release|x86
		{A6C2AA04-1325-4A69-99A1-698387B27D61}.CD_ROM|x86.ActiveCfg = Release|x86
		{A6C2AA04-1325-4A69-99A1-698387B27D61}.CD_ROM|x86.Build.0 = Release|x86
		{A6C2AA04-1325-4A69-99A1-698387B27D61}.Debug|Any CPU.ActiveCfg = Debug|x86
		{A6C2AA04-1325-4A69-99A1-698387B27D61}.Debug|Mixed Platforms.ActiveCfg = Debug|x86
		{A6C2AA04-1325-4A69-99A1-698387B27D61}.Debug|Mixed Platforms.Build.0 = Debug|x86
		{A6C2AA04-1325-4A69-99A1-698387B27D61}.Debug|x86.ActiveCfg = Debug|x86
		{A6C2AA04-1325-4A69-99A1-698387B27D61}.Debug|x86.Build.0 = Debug|x86
		{A6C2AA04-1325-4A69-99A1-698387B27D61}.DefaultBuild|Any CPU.ActiveCfg = Debug|x86
		{A6C2AA04-1325-4A69-99A1-698387B27D61}.DefaultBuild|Any CPU.Build.0 = Debug|x86
		{A6C2AA04-1325-4A69-99A1-698387B27D61}.DefaultBuild|Mixed Platforms.ActiveCfg = Debug|x86
		{A6C2AA04-1325-4A69-99A1-698387B27D61}.DefaultBuild|Mixed Platforms.Build.0 = Debug|x86
		{A6C2AA04-1325-4A69-99A1-698387B27D61}.DefaultBuild|x86.ActiveCfg = Debug|x86
		{A6C2AA04-1325-4A69-99A1-698387B27D61}.DefaultBuild|x86.Build.0 = Debug|x86
		{A6C2AA04-1325-4A69-99A1-698387B27D61}.DVD-5|Any CPU.ActiveCfg = Debug|x86
		{A6C2AA04-1325-4A69-99A1-698387B27D61}.DVD-5|Mixed Platforms.ActiveCfg = Debug|x86
		{A6C2AA04-1325-4A69-99A1-698387B27D61}.DVD-5|Mixed Platforms.Build.0 = Debug|x86
		{A6C2AA04-1325-4A69-99A1-698387B27D61}.DVD-5|x86.ActiveCfg = Debug|x86
		{A6C2AA04-1325-4A69-99A1-698387B27D61}.DVD-5|x86.Build.0 = Debug|x86
		{A6C2AA04-1325-4A69-99A1-698387B27D61}.Release|Any CPU.ActiveCfg = Release|x86
		{A6C2AA04-1325-4A69-99A1-698387B27D61}.Release|Mixed Platforms.ActiveCfg = Release|x86
		{A6C2AA04-1325-4A69-99A1-698387B27D61}.Release|Mixed Platforms.Build.0 = Release|x86
		{A6C2AA04-1325-4A69-99A1-698387B27D61}.Release|x86.ActiveCfg = Release|x86
		{A6C2AA04-1325-4A69-99A1-698387B27D61}.Release|x86.Build.0 = Release|x86
		{A6C2AA04-1325-4A69-99A1-698387B27D61}.SingleImage|Any CPU.ActiveCfg = Release|x86
		{A6C2AA04-1325-4A69-99A1-698387B27D61}.SingleImage|Mixed Platforms.ActiveCfg = Release|x86
		{A6C2AA04-1325-4A69-99A1-698387B27D61}.SingleImage|Mixed Platforms.Build.0 = Release|x86
		{A6C2AA04-1325-4A69-99A1-698387B27D61}.SingleImage|x86.ActiveCfg = Release|x86
		{A6C2AA04-1325-4A69-99A1-698387B27D61}.SingleImage|x86.Build.0 = Release|x86
		{2D63E3A2-6D4C-474A-8D10-3FA4DD1D5B01}.CD_ROM|Any CPU.ActiveCfg = Debug|Any CPU
		{2D63E3A2-6D4C-474A-8D10-3FA4DD1D5B01}.CD_ROM|Any CPU.Build.0 = Debug|Any CPU
		{2D63E3A2-6D4C-474A-8D10-3FA4DD1D5B01}.CD_ROM|Any CPU.Deploy.0 = Debug|Any CPU
		{2D63E3A2-6D4C-474A-8D10-3FA4DD1D5B01}.CD_ROM|Mixed Platforms.ActiveCfg = Debug|Any CPU
		{2D63E3A2-6D4C-474A-8D10-3FA4DD1D5B01}.CD_ROM|Mixed Platforms.Build.0 = Debug|Any CPU
		{2D63E3A2-6D4C-474A-8D10-3FA4DD1D5B01}.CD_ROM|Mixed Platforms.Deploy.0 = Debug|Any CPU
		{2D63E3A2-6D4C-474A-8D10-3FA4DD1D5B01}.CD_ROM|x86.ActiveCfg = Debug|Any CPU
		{2D63E3A2-6D4C-474A-8D10-3FA4DD1D5B01}.Debug|Any CPU.ActiveCfg = Debug|Any CPU
		{2D63E3A2-6D4C-474A-8D10-3FA4DD1D5B01}.Debug|Mixed Platforms.ActiveCfg = Debug|Any CPU
		{2D63E3A2-6D4C-474A-8D10-3FA4DD1D5B01}.Debug|Mixed Platforms.Build.0 = Debug|Any CPU
		{2D63E3A2-6D4C-474A-8D10-3FA4DD1D5B01}.Debug|Mixed Platforms.Deploy.0 = Debug|Any CPU
		{2D63E3A2-6D4C-474A-8D10-3FA4DD1D5B01}.Debug|x86.ActiveCfg = Debug|Any CPU
		{2D63E3A2-6D4C-474A-8D10-3FA4DD1D5B01}.DefaultBuild|Any CPU.ActiveCfg = Debug|Any CPU
		{2D63E3A2-6D4C-474A-8D10-3FA4DD1D5B01}.DefaultBuild|Mixed Platforms.ActiveCfg = Debug|Any CPU
		{2D63E3A2-6D4C-474A-8D10-3FA4DD1D5B01}.DefaultBuild|x86.ActiveCfg = Debug|Any CPU
		{2D63E3A2-6D4C-474A-8D10-3FA4DD1D5B01}.DVD-5|Any CPU.ActiveCfg = Debug|Any CPU
		{2D63E3A2-6D4C-474A-8D10-3FA4DD1D5B01}.DVD-5|Any CPU.Build.0 = Debug|Any CPU
		{2D63E3A2-6D4C-474A-8D10-3FA4DD1D5B01}.DVD-5|Any CPU.Deploy.0 = Debug|Any CPU
		{2D63E3A2-6D4C-474A-8D10-3FA4DD1D5B01}.DVD-5|Mixed Platforms.ActiveCfg = Debug|Any CPU
		{2D63E3A2-6D4C-474A-8D10-3FA4DD1D5B01}.DVD-5|Mixed Platforms.Build.0 = Debug|Any CPU
		{2D63E3A2-6D4C-474A-8D10-3FA4DD1D5B01}.DVD-5|Mixed Platforms.Deploy.0 = Debug|Any CPU
		{2D63E3A2-6D4C-474A-8D10-3FA4DD1D5B01}.DVD-5|x86.ActiveCfg = Debug|Any CPU
		{2D63E3A2-6D4C-474A-8D10-3FA4DD1D5B01}.Release|Any CPU.ActiveCfg = Release|Any CPU
		{2D63E3A2-6D4C-474A-8D10-3FA4DD1D5B01}.Release|Any CPU.Build.0 = Release|Any CPU
		{2D63E3A2-6D4C-474A-8D10-3FA4DD1D5B01}.Release|Any CPU.Deploy.0 = Release|Any CPU
		{2D63E3A2-6D4C-474A-8D10-3FA4DD1D5B01}.Release|Mixed Platforms.ActiveCfg = Release|Any CPU
		{2D63E3A2-6D4C-474A-8D10-3FA4DD1D5B01}.Release|Mixed Platforms.Build.0 = Release|Any CPU
		{2D63E3A2-6D4C-474A-8D10-3FA4DD1D5B01}.Release|Mixed Platforms.Deploy.0 = Release|Any CPU
		{2D63E3A2-6D4C-474A-8D10-3FA4DD1D5B01}.Release|x86.ActiveCfg = Release|Any CPU
		{2D63E3A2-6D4C-474A-8D10-3FA4DD1D5B01}.SingleImage|Any CPU.ActiveCfg = Debug|Any CPU
		{2D63E3A2-6D4C-474A-8D10-3FA4DD1D5B01}.SingleImage|Any CPU.Build.0 = Debug|Any CPU
		{2D63E3A2-6D4C-474A-8D10-3FA4DD1D5B01}.SingleImage|Any CPU.Deploy.0 = Debug|Any CPU
		{2D63E3A2-6D4C-474A-8D10-3FA4DD1D5B01}.SingleImage|Mixed Platforms.ActiveCfg = Debug|Any CPU
		{2D63E3A2-6D4C-474A-8D10-3FA4DD1D5B01}.SingleImage|Mixed Platforms.Build.0 = Debug|Any CPU
		{2D63E3A2-6D4C-474A-8D10-3FA4DD1D5B01}.SingleImage|Mixed Platforms.Deploy.0 = Debug|Any CPU
		{2D63E3A2-6D4C-474A-8D10-3FA4DD1D5B01}.SingleImage|x86.ActiveCfg = Debug|Any CPU
		{1CCFC514-C7E0-4B16-8061-1E17E32E07A9}.CD_ROM|Any CPU.ActiveCfg = Release|x86
		{1CCFC514-C7E0-4B16-8061-1E17E32E07A9}.CD_ROM|Mixed Platforms.ActiveCfg = Release|x86
		{1CCFC514-C7E0-4B16-8061-1E17E32E07A9}.CD_ROM|Mixed Platforms.Build.0 = Release|x86
		{1CCFC514-C7E0-4B16-8061-1E17E32E07A9}.CD_ROM|x86.ActiveCfg = Release|x86
		{1CCFC514-C7E0-4B16-8061-1E17E32E07A9}.CD_ROM|x86.Build.0 = Release|x86
		{1CCFC514-C7E0-4B16-8061-1E17E32E07A9}.Debug|Any CPU.ActiveCfg = Debug|x86
		{1CCFC514-C7E0-4B16-8061-1E17E32E07A9}.Debug|Any CPU.Deploy.0 = Debug|x86
		{1CCFC514-C7E0-4B16-8061-1E17E32E07A9}.Debug|Mixed Platforms.ActiveCfg = Debug|x86
		{1CCFC514-C7E0-4B16-8061-1E17E32E07A9}.Debug|Mixed Platforms.Build.0 = Debug|x86
		{1CCFC514-C7E0-4B16-8061-1E17E32E07A9}.Debug|x86.ActiveCfg = Debug|x86
		{1CCFC514-C7E0-4B16-8061-1E17E32E07A9}.Debug|x86.Build.0 = Debug|x86
		{1CCFC514-C7E0-4B16-8061-1E17E32E07A9}.DefaultBuild|Any CPU.ActiveCfg = Debug|x86
		{1CCFC514-C7E0-4B16-8061-1E17E32E07A9}.DefaultBuild|Any CPU.Build.0 = Debug|x86
		{1CCFC514-C7E0-4B16-8061-1E17E32E07A9}.DefaultBuild|Mixed Platforms.ActiveCfg = Debug|x86
		{1CCFC514-C7E0-4B16-8061-1E17E32E07A9}.DefaultBuild|Mixed Platforms.Build.0 = Debug|x86
		{1CCFC514-C7E0-4B16-8061-1E17E32E07A9}.DefaultBuild|x86.ActiveCfg = Debug|x86
		{1CCFC514-C7E0-4B16-8061-1E17E32E07A9}.DefaultBuild|x86.Build.0 = Debug|x86
		{1CCFC514-C7E0-4B16-8061-1E17E32E07A9}.DVD-5|Any CPU.ActiveCfg = Debug|x86
		{1CCFC514-C7E0-4B16-8061-1E17E32E07A9}.DVD-5|Mixed Platforms.ActiveCfg = Debug|x86
		{1CCFC514-C7E0-4B16-8061-1E17E32E07A9}.DVD-5|Mixed Platforms.Build.0 = Debug|x86
		{1CCFC514-C7E0-4B16-8061-1E17E32E07A9}.DVD-5|x86.ActiveCfg = Debug|x86
		{1CCFC514-C7E0-4B16-8061-1E17E32E07A9}.DVD-5|x86.Build.0 = Debug|x86
		{1CCFC514-C7E0-4B16-8061-1E17E32E07A9}.Release|Any CPU.ActiveCfg = Release|x86
		{1CCFC514-C7E0-4B16-8061-1E17E32E07A9}.Release|Mixed Platforms.ActiveCfg = Release|x86
		{1CCFC514-C7E0-4B16-8061-1E17E32E07A9}.Release|Mixed Platforms.Build.0 = Release|x86
		{1CCFC514-C7E0-4B16-8061-1E17E32E07A9}.Release|x86.ActiveCfg = Release|x86
		{1CCFC514-C7E0-4B16-8061-1E17E32E07A9}.Release|x86.Build.0 = Release|x86
		{1CCFC514-C7E0-4B16-8061-1E17E32E07A9}.SingleImage|Any CPU.ActiveCfg = Release|x86
		{1CCFC514-C7E0-4B16-8061-1E17E32E07A9}.SingleImage|Mixed Platforms.ActiveCfg = Release|x86
		{1CCFC514-C7E0-4B16-8061-1E17E32E07A9}.SingleImage|Mixed Platforms.Build.0 = Release|x86
		{1CCFC514-C7E0-4B16-8061-1E17E32E07A9}.SingleImage|x86.ActiveCfg = Release|x86
		{1CCFC514-C7E0-4B16-8061-1E17E32E07A9}.SingleImage|x86.Build.0 = Release|x86
		{87D7A41A-9E64-4EF9-B04A-519A48D375AC}.CD_ROM|Any CPU.ActiveCfg = Release|Any CPU
		{87D7A41A-9E64-4EF9-B04A-519A48D375AC}.CD_ROM|Any CPU.Build.0 = Release|Any CPU
		{87D7A41A-9E64-4EF9-B04A-519A48D375AC}.CD_ROM|Mixed Platforms.ActiveCfg = Release|Any CPU
		{87D7A41A-9E64-4EF9-B04A-519A48D375AC}.CD_ROM|Mixed Platforms.Build.0 = Release|Any CPU
		{87D7A41A-9E64-4EF9-B04A-519A48D375AC}.CD_ROM|x86.ActiveCfg = Release|Any CPU
		{87D7A41A-9E64-4EF9-B04A-519A48D375AC}.Debug|Any CPU.ActiveCfg = Debug|Any CPU
		{87D7A41A-9E64-4EF9-B04A-519A48D375AC}.Debug|Mixed Platforms.ActiveCfg = Debug|Any CPU
		{87D7A41A-9E64-4EF9-B04A-519A48D375AC}.Debug|Mixed Platforms.Build.0 = Debug|Any CPU
		{87D7A41A-9E64-4EF9-B04A-519A48D375AC}.Debug|x86.ActiveCfg = Debug|Any CPU
		{87D7A41A-9E64-4EF9-B04A-519A48D375AC}.DefaultBuild|Any CPU.ActiveCfg = Debug|Any CPU
		{87D7A41A-9E64-4EF9-B04A-519A48D375AC}.DefaultBuild|Any CPU.Build.0 = Debug|Any CPU
		{87D7A41A-9E64-4EF9-B04A-519A48D375AC}.DefaultBuild|Mixed Platforms.ActiveCfg = Debug|Any CPU
		{87D7A41A-9E64-4EF9-B04A-519A48D375AC}.DefaultBuild|Mixed Platforms.Build.0 = Debug|Any CPU
		{87D7A41A-9E64-4EF9-B04A-519A48D375AC}.DefaultBuild|x86.ActiveCfg = Debug|Any CPU
		{87D7A41A-9E64-4EF9-B04A-519A48D375AC}.DefaultBuild|x86.Build.0 = Debug|Any CPU
		{87D7A41A-9E64-4EF9-B04A-519A48D375AC}.DVD-5|Any CPU.ActiveCfg = Debug|Any CPU
		{87D7A41A-9E64-4EF9-B04A-519A48D375AC}.DVD-5|Any CPU.Build.0 = Debug|Any CPU
		{87D7A41A-9E64-4EF9-B04A-519A48D375AC}.DVD-5|Mixed Platforms.ActiveCfg = Debug|Any CPU
		{87D7A41A-9E64-4EF9-B04A-519A48D375AC}.DVD-5|Mixed Platforms.Build.0 = Debug|Any CPU
		{87D7A41A-9E64-4EF9-B04A-519A48D375AC}.DVD-5|x86.ActiveCfg = Debug|Any CPU
		{87D7A41A-9E64-4EF9-B04A-519A48D375AC}.Release|Any CPU.ActiveCfg = Release|Any CPU
		{87D7A41A-9E64-4EF9-B04A-519A48D375AC}.Release|Any CPU.Build.0 = Release|Any CPU
		{87D7A41A-9E64-4EF9-B04A-519A48D375AC}.Release|Mixed Platforms.ActiveCfg = Release|Any CPU
		{87D7A41A-9E64-4EF9-B04A-519A48D375AC}.Release|Mixed Platforms.Build.0 = Release|Any CPU
		{87D7A41A-9E64-4EF9-B04A-519A48D375AC}.Release|x86.ActiveCfg = Release|Any CPU
		{87D7A41A-9E64-4EF9-B04A-519A48D375AC}.SingleImage|Any CPU.ActiveCfg = Release|Any CPU
		{87D7A41A-9E64-4EF9-B04A-519A48D375AC}.SingleImage|Any CPU.Build.0 = Release|Any CPU
		{87D7A41A-9E64-4EF9-B04A-519A48D375AC}.SingleImage|Mixed Platforms.ActiveCfg = Release|Any CPU
		{87D7A41A-9E64-4EF9-B04A-519A48D375AC}.SingleImage|Mixed Platforms.Build.0 = Release|Any CPU
		{87D7A41A-9E64-4EF9-B04A-519A48D375AC}.SingleImage|x86.ActiveCfg = Release|Any CPU
		{EBE666D3-7E86-4790-AFCC-A9E447BBB474}.CD_ROM|Any CPU.ActiveCfg = Release|Any CPU
		{EBE666D3-7E86-4790-AFCC-A9E447BBB474}.CD_ROM|Any CPU.Build.0 = Release|Any CPU
		{EBE666D3-7E86-4790-AFCC-A9E447BBB474}.CD_ROM|Mixed Platforms.ActiveCfg = Release|Any CPU
		{EBE666D3-7E86-4790-AFCC-A9E447BBB474}.CD_ROM|Mixed Platforms.Build.0 = Release|Any CPU
		{EBE666D3-7E86-4790-AFCC-A9E447BBB474}.CD_ROM|x86.ActiveCfg = Release|Any CPU
		{EBE666D3-7E86-4790-AFCC-A9E447BBB474}.Debug|Any CPU.ActiveCfg = Debug|Any CPU
		{EBE666D3-7E86-4790-AFCC-A9E447BBB474}.Debug|Any CPU.Build.0 = Debug|Any CPU
		{EBE666D3-7E86-4790-AFCC-A9E447BBB474}.Debug|Mixed Platforms.ActiveCfg = Debug|Any CPU
		{EBE666D3-7E86-4790-AFCC-A9E447BBB474}.Debug|Mixed Platforms.Build.0 = Debug|Any CPU
		{EBE666D3-7E86-4790-AFCC-A9E447BBB474}.Debug|x86.ActiveCfg = Debug|Any CPU
		{EBE666D3-7E86-4790-AFCC-A9E447BBB474}.DefaultBuild|Any CPU.ActiveCfg = Debug|Any CPU
		{EBE666D3-7E86-4790-AFCC-A9E447BBB474}.DefaultBuild|Any CPU.Build.0 = Debug|Any CPU
		{EBE666D3-7E86-4790-AFCC-A9E447BBB474}.DefaultBuild|Mixed Platforms.ActiveCfg = Debug|Any CPU
		{EBE666D3-7E86-4790-AFCC-A9E447BBB474}.DefaultBuild|Mixed Platforms.Build.0 = Debug|Any CPU
		{EBE666D3-7E86-4790-AFCC-A9E447BBB474}.DefaultBuild|x86.ActiveCfg = Debug|Any CPU
		{EBE666D3-7E86-4790-AFCC-A9E447BBB474}.DefaultBuild|x86.Build.0 = Debug|Any CPU
		{EBE666D3-7E86-4790-AFCC-A9E447BBB474}.DVD-5|Any CPU.ActiveCfg = Debug|Any CPU
		{EBE666D3-7E86-4790-AFCC-A9E447BBB474}.DVD-5|Any CPU.Build.0 = Debug|Any CPU
		{EBE666D3-7E86-4790-AFCC-A9E447BBB474}.DVD-5|Mixed Platforms.ActiveCfg = Debug|Any CPU
		{EBE666D3-7E86-4790-AFCC-A9E447BBB474}.DVD-5|Mixed Platforms.Build.0 = Debug|Any CPU
		{EBE666D3-7E86-4790-AFCC-A9E447BBB474}.DVD-5|x86.ActiveCfg = Debug|Any CPU
		{EBE666D3-7E86-4790-AFCC-A9E447BBB474}.Release|Any CPU.ActiveCfg = Release|Any CPU
		{EBE666D3-7E86-4790-AFCC-A9E447BBB474}.Release|Any CPU.Build.0 = Release|Any CPU
		{EBE666D3-7E86-4790-AFCC-A9E447BBB474}.Release|Mixed Platforms.ActiveCfg = Release|Any CPU
		{EBE666D3-7E86-4790-AFCC-A9E447BBB474}.Release|Mixed Platforms.Build.0 = Release|Any CPU
		{EBE666D3-7E86-4790-AFCC-A9E447BBB474}.Release|x86.ActiveCfg = Release|Any CPU
		{EBE666D3-7E86-4790-AFCC-A9E447BBB474}.SingleImage|Any CPU.ActiveCfg = Release|Any CPU
		{EBE666D3-7E86-4790-AFCC-A9E447BBB474}.SingleImage|Any CPU.Build.0 = Release|Any CPU
		{EBE666D3-7E86-4790-AFCC-A9E447BBB474}.SingleImage|Mixed Platforms.ActiveCfg = Release|Any CPU
		{EBE666D3-7E86-4790-AFCC-A9E447BBB474}.SingleImage|Mixed Platforms.Build.0 = Release|Any CPU
		{EBE666D3-7E86-4790-AFCC-A9E447BBB474}.SingleImage|x86.ActiveCfg = Release|Any CPU
		{1C9C9FB2-B417-4A83-B4E5-C8AC60604BDB}.CD_ROM|Any CPU.ActiveCfg = Release|Any CPU
		{1C9C9FB2-B417-4A83-B4E5-C8AC60604BDB}.CD_ROM|Any CPU.Build.0 = Release|Any CPU
		{1C9C9FB2-B417-4A83-B4E5-C8AC60604BDB}.CD_ROM|Mixed Platforms.ActiveCfg = Release|Any CPU
		{1C9C9FB2-B417-4A83-B4E5-C8AC60604BDB}.CD_ROM|Mixed Platforms.Build.0 = Release|Any CPU
		{1C9C9FB2-B417-4A83-B4E5-C8AC60604BDB}.CD_ROM|x86.ActiveCfg = Release|Any CPU
		{1C9C9FB2-B417-4A83-B4E5-C8AC60604BDB}.Debug|Any CPU.ActiveCfg = Debug|Any CPU
		{1C9C9FB2-B417-4A83-B4E5-C8AC60604BDB}.Debug|Any CPU.Build.0 = Debug|Any CPU
		{1C9C9FB2-B417-4A83-B4E5-C8AC60604BDB}.Debug|Mixed Platforms.ActiveCfg = Debug|Any CPU
		{1C9C9FB2-B417-4A83-B4E5-C8AC60604BDB}.Debug|Mixed Platforms.Build.0 = Debug|Any CPU
		{1C9C9FB2-B417-4A83-B4E5-C8AC60604BDB}.Debug|x86.ActiveCfg = Debug|Any CPU
		{1C9C9FB2-B417-4A83-B4E5-C8AC60604BDB}.DefaultBuild|Any CPU.ActiveCfg = Debug|Any CPU
		{1C9C9FB2-B417-4A83-B4E5-C8AC60604BDB}.DefaultBuild|Any CPU.Build.0 = Debug|Any CPU
		{1C9C9FB2-B417-4A83-B4E5-C8AC60604BDB}.DefaultBuild|Mixed Platforms.ActiveCfg = Debug|Any CPU
		{1C9C9FB2-B417-4A83-B4E5-C8AC60604BDB}.DefaultBuild|Mixed Platforms.Build.0 = Debug|Any CPU
		{1C9C9FB2-B417-4A83-B4E5-C8AC60604BDB}.DefaultBuild|x86.ActiveCfg = Debug|Any CPU
		{1C9C9FB2-B417-4A83-B4E5-C8AC60604BDB}.DefaultBuild|x86.Build.0 = Debug|Any CPU
		{1C9C9FB2-B417-4A83-B4E5-C8AC60604BDB}.DVD-5|Any CPU.ActiveCfg = Debug|Any CPU
		{1C9C9FB2-B417-4A83-B4E5-C8AC60604BDB}.DVD-5|Any CPU.Build.0 = Debug|Any CPU
		{1C9C9FB2-B417-4A83-B4E5-C8AC60604BDB}.DVD-5|Mixed Platforms.ActiveCfg = Debug|Any CPU
		{1C9C9FB2-B417-4A83-B4E5-C8AC60604BDB}.DVD-5|Mixed Platforms.Build.0 = Debug|Any CPU
		{1C9C9FB2-B417-4A83-B4E5-C8AC60604BDB}.DVD-5|x86.ActiveCfg = Debug|Any CPU
		{1C9C9FB2-B417-4A83-B4E5-C8AC60604BDB}.Release|Any CPU.ActiveCfg = Release|Any CPU
		{1C9C9FB2-B417-4A83-B4E5-C8AC60604BDB}.Release|Any CPU.Build.0 = Release|Any CPU
		{1C9C9FB2-B417-4A83-B4E5-C8AC60604BDB}.Release|Mixed Platforms.ActiveCfg = Release|Any CPU
		{1C9C9FB2-B417-4A83-B4E5-C8AC60604BDB}.Release|Mixed Platforms.Build.0 = Release|Any CPU
		{1C9C9FB2-B417-4A83-B4E5-C8AC60604BDB}.Release|x86.ActiveCfg = Release|Any CPU
		{1C9C9FB2-B417-4A83-B4E5-C8AC60604BDB}.SingleImage|Any CPU.ActiveCfg = Release|Any CPU
		{1C9C9FB2-B417-4A83-B4E5-C8AC60604BDB}.SingleImage|Any CPU.Build.0 = Release|Any CPU
		{1C9C9FB2-B417-4A83-B4E5-C8AC60604BDB}.SingleImage|Mixed Platforms.ActiveCfg = Release|Any CPU
		{1C9C9FB2-B417-4A83-B4E5-C8AC60604BDB}.SingleImage|Mixed Platforms.Build.0 = Release|Any CPU
		{1C9C9FB2-B417-4A83-B4E5-C8AC60604BDB}.SingleImage|x86.ActiveCfg = Release|Any CPU
		{BDB8B65F-EDD2-4635-8215-83941A122046}.CD_ROM|Any CPU.ActiveCfg = Release|Any CPU
		{BDB8B65F-EDD2-4635-8215-83941A122046}.CD_ROM|Any CPU.Build.0 = Release|Any CPU
		{BDB8B65F-EDD2-4635-8215-83941A122046}.CD_ROM|Mixed Platforms.ActiveCfg = Release|Any CPU
		{BDB8B65F-EDD2-4635-8215-83941A122046}.CD_ROM|Mixed Platforms.Build.0 = Release|Any CPU
		{BDB8B65F-EDD2-4635-8215-83941A122046}.CD_ROM|x86.ActiveCfg = Release|Any CPU
		{BDB8B65F-EDD2-4635-8215-83941A122046}.Debug|Any CPU.ActiveCfg = Debug|Any CPU
		{BDB8B65F-EDD2-4635-8215-83941A122046}.Debug|Any CPU.Build.0 = Debug|Any CPU
		{BDB8B65F-EDD2-4635-8215-83941A122046}.Debug|Mixed Platforms.ActiveCfg = Debug|Any CPU
		{BDB8B65F-EDD2-4635-8215-83941A122046}.Debug|Mixed Platforms.Build.0 = Debug|Any CPU
		{BDB8B65F-EDD2-4635-8215-83941A122046}.Debug|x86.ActiveCfg = Debug|Any CPU
		{BDB8B65F-EDD2-4635-8215-83941A122046}.DefaultBuild|Any CPU.ActiveCfg = Debug|Any CPU
		{BDB8B65F-EDD2-4635-8215-83941A122046}.DefaultBuild|Any CPU.Build.0 = Debug|Any CPU
		{BDB8B65F-EDD2-4635-8215-83941A122046}.DefaultBuild|Mixed Platforms.ActiveCfg = Debug|Any CPU
		{BDB8B65F-EDD2-4635-8215-83941A122046}.DefaultBuild|Mixed Platforms.Build.0 = Debug|Any CPU
		{BDB8B65F-EDD2-4635-8215-83941A122046}.DefaultBuild|x86.ActiveCfg = Debug|Any CPU
		{BDB8B65F-EDD2-4635-8215-83941A122046}.DefaultBuild|x86.Build.0 = Debug|Any CPU
		{BDB8B65F-EDD2-4635-8215-83941A122046}.DVD-5|Any CPU.ActiveCfg = Debug|Any CPU
		{BDB8B65F-EDD2-4635-8215-83941A122046}.DVD-5|Any CPU.Build.0 = Debug|Any CPU
		{BDB8B65F-EDD2-4635-8215-83941A122046}.DVD-5|Mixed Platforms.ActiveCfg = Debug|Any CPU
		{BDB8B65F-EDD2-4635-8215-83941A122046}.DVD-5|Mixed Platforms.Build.0 = Debug|Any CPU
		{BDB8B65F-EDD2-4635-8215-83941A122046}.DVD-5|x86.ActiveCfg = Debug|Any CPU
		{BDB8B65F-EDD2-4635-8215-83941A122046}.Release|Any CPU.ActiveCfg = Release|Any CPU
		{BDB8B65F-EDD2-4635-8215-83941A122046}.Release|Any CPU.Build.0 = Release|Any CPU
		{BDB8B65F-EDD2-4635-8215-83941A122046}.Release|Mixed Platforms.ActiveCfg = Release|Any CPU
		{BDB8B65F-EDD2-4635-8215-83941A122046}.Release|Mixed Platforms.Build.0 = Release|Any CPU
		{BDB8B65F-EDD2-4635-8215-83941A122046}.Release|x86.ActiveCfg = Release|Any CPU
		{BDB8B65F-EDD2-4635-8215-83941A122046}.SingleImage|Any CPU.ActiveCfg = Release|Any CPU
		{BDB8B65F-EDD2-4635-8215-83941A122046}.SingleImage|Any CPU.Build.0 = Release|Any CPU
		{BDB8B65F-EDD2-4635-8215-83941A122046}.SingleImage|Mixed Platforms.ActiveCfg = Release|Any CPU
		{BDB8B65F-EDD2-4635-8215-83941A122046}.SingleImage|Mixed Platforms.Build.0 = Release|Any CPU
		{BDB8B65F-EDD2-4635-8215-83941A122046}.SingleImage|x86.ActiveCfg = Release|Any CPU
		{21A650E1-25B5-47EA-BB0B-DFEB8F2458A6}.CD_ROM|Any CPU.ActiveCfg = Release|Any CPU
		{21A650E1-25B5-47EA-BB0B-DFEB8F2458A6}.CD_ROM|Any CPU.Build.0 = Release|Any CPU
		{21A650E1-25B5-47EA-BB0B-DFEB8F2458A6}.CD_ROM|Mixed Platforms.ActiveCfg = Release|Any CPU
		{21A650E1-25B5-47EA-BB0B-DFEB8F2458A6}.CD_ROM|Mixed Platforms.Build.0 = Release|Any CPU
		{21A650E1-25B5-47EA-BB0B-DFEB8F2458A6}.CD_ROM|x86.ActiveCfg = Release|Any CPU
		{21A650E1-25B5-47EA-BB0B-DFEB8F2458A6}.CD_ROM|x86.Build.0 = Release|Any CPU
		{21A650E1-25B5-47EA-BB0B-DFEB8F2458A6}.Debug|Any CPU.ActiveCfg = Debug|Any CPU
		{21A650E1-25B5-47EA-BB0B-DFEB8F2458A6}.Debug|Any CPU.Build.0 = Debug|Any CPU
		{21A650E1-25B5-47EA-BB0B-DFEB8F2458A6}.Debug|Mixed Platforms.ActiveCfg = Debug|Any CPU
		{21A650E1-25B5-47EA-BB0B-DFEB8F2458A6}.Debug|Mixed Platforms.Build.0 = Debug|Any CPU
		{21A650E1-25B5-47EA-BB0B-DFEB8F2458A6}.Debug|x86.ActiveCfg = Debug|Any CPU
		{21A650E1-25B5-47EA-BB0B-DFEB8F2458A6}.Debug|x86.Build.0 = Debug|Any CPU
		{21A650E1-25B5-47EA-BB0B-DFEB8F2458A6}.DefaultBuild|Any CPU.ActiveCfg = Debug|Any CPU
		{21A650E1-25B5-47EA-BB0B-DFEB8F2458A6}.DefaultBuild|Any CPU.Build.0 = Debug|Any CPU
		{21A650E1-25B5-47EA-BB0B-DFEB8F2458A6}.DefaultBuild|Mixed Platforms.ActiveCfg = Debug|Any CPU
		{21A650E1-25B5-47EA-BB0B-DFEB8F2458A6}.DefaultBuild|Mixed Platforms.Build.0 = Debug|Any CPU
		{21A650E1-25B5-47EA-BB0B-DFEB8F2458A6}.DefaultBuild|x86.ActiveCfg = Debug|Any CPU
		{21A650E1-25B5-47EA-BB0B-DFEB8F2458A6}.DefaultBuild|x86.Build.0 = Debug|Any CPU
		{21A650E1-25B5-47EA-BB0B-DFEB8F2458A6}.DVD-5|Any CPU.ActiveCfg = Debug|Any CPU
		{21A650E1-25B5-47EA-BB0B-DFEB8F2458A6}.DVD-5|Any CPU.Build.0 = Debug|Any CPU
		{21A650E1-25B5-47EA-BB0B-DFEB8F2458A6}.DVD-5|Mixed Platforms.ActiveCfg = Debug|Any CPU
		{21A650E1-25B5-47EA-BB0B-DFEB8F2458A6}.DVD-5|Mixed Platforms.Build.0 = Debug|Any CPU
		{21A650E1-25B5-47EA-BB0B-DFEB8F2458A6}.DVD-5|x86.ActiveCfg = Debug|Any CPU
		{21A650E1-25B5-47EA-BB0B-DFEB8F2458A6}.DVD-5|x86.Build.0 = Debug|Any CPU
		{21A650E1-25B5-47EA-BB0B-DFEB8F2458A6}.Release|Any CPU.ActiveCfg = Release|Any CPU
		{21A650E1-25B5-47EA-BB0B-DFEB8F2458A6}.Release|Any CPU.Build.0 = Release|Any CPU
		{21A650E1-25B5-47EA-BB0B-DFEB8F2458A6}.Release|Mixed Platforms.ActiveCfg = Release|Any CPU
		{21A650E1-25B5-47EA-BB0B-DFEB8F2458A6}.Release|Mixed Platforms.Build.0 = Release|Any CPU
		{21A650E1-25B5-47EA-BB0B-DFEB8F2458A6}.Release|x86.ActiveCfg = Release|Any CPU
		{21A650E1-25B5-47EA-BB0B-DFEB8F2458A6}.Release|x86.Build.0 = Release|Any CPU
		{21A650E1-25B5-47EA-BB0B-DFEB8F2458A6}.SingleImage|Any CPU.ActiveCfg = Release|Any CPU
		{21A650E1-25B5-47EA-BB0B-DFEB8F2458A6}.SingleImage|Any CPU.Build.0 = Release|Any CPU
		{21A650E1-25B5-47EA-BB0B-DFEB8F2458A6}.SingleImage|Mixed Platforms.ActiveCfg = Release|Any CPU
		{21A650E1-25B5-47EA-BB0B-DFEB8F2458A6}.SingleImage|Mixed Platforms.Build.0 = Release|Any CPU
		{21A650E1-25B5-47EA-BB0B-DFEB8F2458A6}.SingleImage|x86.ActiveCfg = Release|Any CPU
		{21A650E1-25B5-47EA-BB0B-DFEB8F2458A6}.SingleImage|x86.Build.0 = Release|Any CPU
		{AB1F1C93-E70F-465B-BC68-549DC52C1514}.CD_ROM|Any CPU.ActiveCfg = DefaultBuild
		{AB1F1C93-E70F-465B-BC68-549DC52C1514}.CD_ROM|Any CPU.Build.0 = DefaultBuild
		{AB1F1C93-E70F-465B-BC68-549DC52C1514}.CD_ROM|Mixed Platforms.ActiveCfg = DefaultBuild
		{AB1F1C93-E70F-465B-BC68-549DC52C1514}.CD_ROM|Mixed Platforms.Build.0 = DefaultBuild
		{AB1F1C93-E70F-465B-BC68-549DC52C1514}.CD_ROM|x86.ActiveCfg = DefaultBuild
		{AB1F1C93-E70F-465B-BC68-549DC52C1514}.CD_ROM|x86.Build.0 = DefaultBuild
		{AB1F1C93-E70F-465B-BC68-549DC52C1514}.Debug|Any CPU.ActiveCfg = DefaultBuild
		{AB1F1C93-E70F-465B-BC68-549DC52C1514}.Debug|Any CPU.Build.0 = DefaultBuild
		{AB1F1C93-E70F-465B-BC68-549DC52C1514}.Debug|Mixed Platforms.ActiveCfg = DefaultBuild
		{AB1F1C93-E70F-465B-BC68-549DC52C1514}.Debug|Mixed Platforms.Build.0 = DefaultBuild
		{AB1F1C93-E70F-465B-BC68-549DC52C1514}.Debug|x86.ActiveCfg = DefaultBuild
		{AB1F1C93-E70F-465B-BC68-549DC52C1514}.Debug|x86.Build.0 = DefaultBuild
		{AB1F1C93-E70F-465B-BC68-549DC52C1514}.DefaultBuild|Any CPU.ActiveCfg = DefaultBuild
		{AB1F1C93-E70F-465B-BC68-549DC52C1514}.DefaultBuild|Any CPU.Build.0 = DefaultBuild
		{AB1F1C93-E70F-465B-BC68-549DC52C1514}.DefaultBuild|Mixed Platforms.ActiveCfg = DefaultBuild
		{AB1F1C93-E70F-465B-BC68-549DC52C1514}.DefaultBuild|Mixed Platforms.Build.0 = DefaultBuild
		{AB1F1C93-E70F-465B-BC68-549DC52C1514}.DefaultBuild|x86.ActiveCfg = DefaultBuild
		{AB1F1C93-E70F-465B-BC68-549DC52C1514}.DefaultBuild|x86.Build.0 = DefaultBuild
		{AB1F1C93-E70F-465B-BC68-549DC52C1514}.DVD-5|Any CPU.ActiveCfg = DefaultBuild
		{AB1F1C93-E70F-465B-BC68-549DC52C1514}.DVD-5|Any CPU.Build.0 = DefaultBuild
		{AB1F1C93-E70F-465B-BC68-549DC52C1514}.DVD-5|Mixed Platforms.ActiveCfg = DefaultBuild
		{AB1F1C93-E70F-465B-BC68-549DC52C1514}.DVD-5|Mixed Platforms.Build.0 = DefaultBuild
		{AB1F1C93-E70F-465B-BC68-549DC52C1514}.DVD-5|x86.ActiveCfg = DefaultBuild
		{AB1F1C93-E70F-465B-BC68-549DC52C1514}.DVD-5|x86.Build.0 = DefaultBuild
		{AB1F1C93-E70F-465B-BC68-549DC52C1514}.Release|Any CPU.ActiveCfg = DefaultBuild
		{AB1F1C93-E70F-465B-BC68-549DC52C1514}.Release|Any CPU.Build.0 = DefaultBuild
		{AB1F1C93-E70F-465B-BC68-549DC52C1514}.Release|Mixed Platforms.ActiveCfg = DefaultBuild
		{AB1F1C93-E70F-465B-BC68-549DC52C1514}.Release|Mixed Platforms.Build.0 = DefaultBuild
		{AB1F1C93-E70F-465B-BC68-549DC52C1514}.Release|x86.ActiveCfg = DefaultBuild
		{AB1F1C93-E70F-465B-BC68-549DC52C1514}.Release|x86.Build.0 = DefaultBuild
		{AB1F1C93-E70F-465B-BC68-549DC52C1514}.SingleImage|Any CPU.ActiveCfg = DefaultBuild
		{AB1F1C93-E70F-465B-BC68-549DC52C1514}.SingleImage|Any CPU.Build.0 = DefaultBuild
		{AB1F1C93-E70F-465B-BC68-549DC52C1514}.SingleImage|Mixed Platforms.ActiveCfg = DefaultBuild
		{AB1F1C93-E70F-465B-BC68-549DC52C1514}.SingleImage|Mixed Platforms.Build.0 = DefaultBuild
		{AB1F1C93-E70F-465B-BC68-549DC52C1514}.SingleImage|x86.ActiveCfg = DefaultBuild
		{AB1F1C93-E70F-465B-BC68-549DC52C1514}.SingleImage|x86.Build.0 = DefaultBuild
		{4BA66DE0-E0CD-42C5-AEB6-94E3EACBE890}.CD_ROM|Any CPU.ActiveCfg = DefaultBuild
		{4BA66DE0-E0CD-42C5-AEB6-94E3EACBE890}.CD_ROM|Any CPU.Build.0 = DefaultBuild
		{4BA66DE0-E0CD-42C5-AEB6-94E3EACBE890}.CD_ROM|Mixed Platforms.ActiveCfg = DefaultBuild
		{4BA66DE0-E0CD-42C5-AEB6-94E3EACBE890}.CD_ROM|Mixed Platforms.Build.0 = DefaultBuild
		{4BA66DE0-E0CD-42C5-AEB6-94E3EACBE890}.CD_ROM|x86.ActiveCfg = DefaultBuild
		{4BA66DE0-E0CD-42C5-AEB6-94E3EACBE890}.CD_ROM|x86.Build.0 = DefaultBuild
		{4BA66DE0-E0CD-42C5-AEB6-94E3EACBE890}.Debug|Any CPU.ActiveCfg = DefaultBuild
		{4BA66DE0-E0CD-42C5-AEB6-94E3EACBE890}.Debug|Any CPU.Build.0 = DefaultBuild
		{4BA66DE0-E0CD-42C5-AEB6-94E3EACBE890}.Debug|Mixed Platforms.ActiveCfg = DefaultBuild
		{4BA66DE0-E0CD-42C5-AEB6-94E3EACBE890}.Debug|Mixed Platforms.Build.0 = DefaultBuild
		{4BA66DE0-E0CD-42C5-AEB6-94E3EACBE890}.Debug|x86.ActiveCfg = DefaultBuild
		{4BA66DE0-E0CD-42C5-AEB6-94E3EACBE890}.Debug|x86.Build.0 = DefaultBuild
		{4BA66DE0-E0CD-42C5-AEB6-94E3EACBE890}.DefaultBuild|Any CPU.ActiveCfg = DefaultBuild
		{4BA66DE0-E0CD-42C5-AEB6-94E3EACBE890}.DefaultBuild|Any CPU.Build.0 = DefaultBuild
		{4BA66DE0-E0CD-42C5-AEB6-94E3EACBE890}.DefaultBuild|Mixed Platforms.ActiveCfg = DefaultBuild
		{4BA66DE0-E0CD-42C5-AEB6-94E3EACBE890}.DefaultBuild|Mixed Platforms.Build.0 = DefaultBuild
		{4BA66DE0-E0CD-42C5-AEB6-94E3EACBE890}.DefaultBuild|x86.ActiveCfg = DefaultBuild
		{4BA66DE0-E0CD-42C5-AEB6-94E3EACBE890}.DefaultBuild|x86.Build.0 = DefaultBuild
		{4BA66DE0-E0CD-42C5-AEB6-94E3EACBE890}.DVD-5|Any CPU.ActiveCfg = DefaultBuild
		{4BA66DE0-E0CD-42C5-AEB6-94E3EACBE890}.DVD-5|Any CPU.Build.0 = DefaultBuild
		{4BA66DE0-E0CD-42C5-AEB6-94E3EACBE890}.DVD-5|Mixed Platforms.ActiveCfg = DefaultBuild
		{4BA66DE0-E0CD-42C5-AEB6-94E3EACBE890}.DVD-5|Mixed Platforms.Build.0 = DefaultBuild
		{4BA66DE0-E0CD-42C5-AEB6-94E3EACBE890}.DVD-5|x86.ActiveCfg = DefaultBuild
		{4BA66DE0-E0CD-42C5-AEB6-94E3EACBE890}.DVD-5|x86.Build.0 = DefaultBuild
		{4BA66DE0-E0CD-42C5-AEB6-94E3EACBE890}.Release|Any CPU.ActiveCfg = DefaultBuild
		{4BA66DE0-E0CD-42C5-AEB6-94E3EACBE890}.Release|Any CPU.Build.0 = DefaultBuild
		{4BA66DE0-E0CD-42C5-AEB6-94E3EACBE890}.Release|Mixed Platforms.ActiveCfg = DefaultBuild
		{4BA66DE0-E0CD-42C5-AEB6-94E3EACBE890}.Release|Mixed Platforms.Build.0 = DefaultBuild
		{4BA66DE0-E0CD-42C5-AEB6-94E3EACBE890}.Release|x86.ActiveCfg = DefaultBuild
		{4BA66DE0-E0CD-42C5-AEB6-94E3EACBE890}.Release|x86.Build.0 = DefaultBuild
		{4BA66DE0-E0CD-42C5-AEB6-94E3EACBE890}.SingleImage|Any CPU.ActiveCfg = DefaultBuild
		{4BA66DE0-E0CD-42C5-AEB6-94E3EACBE890}.SingleImage|Any CPU.Build.0 = DefaultBuild
		{4BA66DE0-E0CD-42C5-AEB6-94E3EACBE890}.SingleImage|Mixed Platforms.ActiveCfg = DefaultBuild
		{4BA66DE0-E0CD-42C5-AEB6-94E3EACBE890}.SingleImage|Mixed Platforms.Build.0 = DefaultBuild
		{4BA66DE0-E0CD-42C5-AEB6-94E3EACBE890}.SingleImage|x86.ActiveCfg = DefaultBuild
		{4BA66DE0-E0CD-42C5-AEB6-94E3EACBE890}.SingleImage|x86.Build.0 = DefaultBuild
	EndGlobalSection
	GlobalSection(SolutionProperties) = preSolution
		HideSolutionNode = FALSE
	EndGlobalSection
	GlobalSection(NestedProjects) = preSolution
		{BDB8D27D-24C3-439C-B824-A0948CCF5764} = {4DEC8251-8B7E-4C6F-A50E-8BAC188C0332}
		{AD69C849-57FA-49EA-8BA0-13B3741FF7E6} = {4DEC8251-8B7E-4C6F-A50E-8BAC188C0332}
		{0F158668-E2D8-4A90-B156-AFA7EC313837} = {B68BB300-78BF-4121-969D-C65B030B6267}
		{46371712-DEBF-42E2-95F1-2E507371F924} = {4DEC8251-8B7E-4C6F-A50E-8BAC188C0332}
		{82A67D3A-F543-4F4C-8E3C-FD78C310F610} = {4DEC8251-8B7E-4C6F-A50E-8BAC188C0332}
		{67174E59-0A40-4E8F-A82B-02FD317DD801} = {4DEC8251-8B7E-4C6F-A50E-8BAC188C0332}
		{A6C2AA04-1325-4A69-99A1-698387B27D61} = {4DEC8251-8B7E-4C6F-A50E-8BAC188C0332}
		{2D63E3A2-6D4C-474A-8D10-3FA4DD1D5B01} = {B68BB300-78BF-4121-969D-C65B030B6267}
		{87D7A41A-9E64-4EF9-B04A-519A48D375AC} = {4DEC8251-8B7E-4C6F-A50E-8BAC188C0332}
	EndGlobalSection
	GlobalSection(ExtensibilityGlobals) = postSolution
		SolutionGuid = {E61C414C-09B5-4A7C-9499-D79EDEF7466B}
	EndGlobalSection
EndGlobal
